// !$*UTF8*$!
{
	archiveVersion = 1;
	classes = {
	};
	objectVersion = 55;
	objects = {

/* Begin PBXBuildFile section */
		050D6DD22879EAFB0020BCDB /* QuestionViewModel.swift in Sources */ = {isa = PBXBuildFile; fileRef = 05BAE21128379B820043FAEB /* QuestionViewModel.swift */; };
		050D6DD42879EB220020BCDB /* QuestionViewModelTests.swift in Sources */ = {isa = PBXBuildFile; fileRef = 050D6DD32879EB220020BCDB /* QuestionViewModelTests.swift */; };
		051B7DA7288AFC8300465C24 /* LeitnerBox.xcdatamodeld in Sources */ = {isa = PBXBuildFile; fileRef = 05266AC428367DAA004693BC /* LeitnerBox.xcdatamodeld */; };
		051B7DA8288B005100465C24 /* AppGroupLocalStorage.swift in Sources */ = {isa = PBXBuildFile; fileRef = 052CA6EB283CE01800376E79 /* AppGroupLocalStorage.swift */; };
		051B7DA9288B006D00465C24 /* FileManagerEX.swift in Sources */ = {isa = PBXBuildFile; fileRef = 052CA6A9283C944200376E79 /* FileManagerEX.swift */; };
		051B7DAB288B00BC00465C24 /* UserDefaults.swift in Sources */ = {isa = PBXBuildFile; fileRef = 051B7DAA288B00BC00465C24 /* UserDefaults.swift */; };
		051B7DAC288B00BC00465C24 /* UserDefaults.swift in Sources */ = {isa = PBXBuildFile; fileRef = 051B7DAA288B00BC00465C24 /* UserDefaults.swift */; };
		051B7DAE288B02C300465C24 /* WidgetQuestion.swift in Sources */ = {isa = PBXBuildFile; fileRef = 051B7DAD288B02C300465C24 /* WidgetQuestion.swift */; };
		051B7DAF288B02C300465C24 /* WidgetQuestion.swift in Sources */ = {isa = PBXBuildFile; fileRef = 051B7DAD288B02C300465C24 /* WidgetQuestion.swift */; };
		05266ABA28367DA9004693BC /* LeitnerBoxApp.swift in Sources */ = {isa = PBXBuildFile; fileRef = 05266AB928367DA9004693BC /* LeitnerBoxApp.swift */; };
		05266ABC28367DA9004693BC /* LeitnerView.swift in Sources */ = {isa = PBXBuildFile; fileRef = 05266ABB28367DA9004693BC /* LeitnerView.swift */; };
		05266ABE28367DAA004693BC /* Assets.xcassets in Resources */ = {isa = PBXBuildFile; fileRef = 05266ABD28367DAA004693BC /* Assets.xcassets */; };
		05266AC128367DAA004693BC /* Preview Assets.xcassets in Resources */ = {isa = PBXBuildFile; fileRef = 05266AC028367DAA004693BC /* Preview Assets.xcassets */; };
		05266AC328367DAA004693BC /* Persistence.swift in Sources */ = {isa = PBXBuildFile; fileRef = 05266AC228367DAA004693BC /* Persistence.swift */; };
		05266AC628367DAA004693BC /* LeitnerBox.xcdatamodeld in Sources */ = {isa = PBXBuildFile; fileRef = 05266AC428367DAA004693BC /* LeitnerBox.xcdatamodeld */; };
		052CA6AA283C944200376E79 /* FileManagerEX.swift in Sources */ = {isa = PBXBuildFile; fileRef = 052CA6A9283C944200376E79 /* FileManagerEX.swift */; };
		052CA6AC283C988F00376E79 /* ActivityViewControllerWrapper.swift in Sources */ = {isa = PBXBuildFile; fileRef = 052CA6AB283C988F00376E79 /* ActivityViewControllerWrapper.swift */; };
		052CA6EC283CE01800376E79 /* AppGroupLocalStorage.swift in Sources */ = {isa = PBXBuildFile; fileRef = 052CA6EB283CE01800376E79 /* AppGroupLocalStorage.swift */; };
		052CBA492840BAA400544925 /* BoolEX.swift in Sources */ = {isa = PBXBuildFile; fileRef = 052CBA482840BAA400544925 /* BoolEX.swift */; };
		0531A606283FEEF70051EB13 /* TextEditorView.swift in Sources */ = {isa = PBXBuildFile; fileRef = 0531A605283FEEF70051EB13 /* TextEditorView.swift */; };
		053666D2283769A1002F899F /* ReviewView.swift in Sources */ = {isa = PBXBuildFile; fileRef = 053666D1283769A1002F899F /* ReviewView.swift */; };
		053666D42837714F002F899F /* AddOrEditQuestionView.swift in Sources */ = {isa = PBXBuildFile; fileRef = 053666D32837714F002F899F /* AddOrEditQuestionView.swift */; };
		053666D728377420002F899F /* PrimaryTextField.swift in Sources */ = {isa = PBXBuildFile; fileRef = 053666D628377420002F899F /* PrimaryTextField.swift */; };
		053666DC2837758F002F899F /* ViewExtension.swift in Sources */ = {isa = PBXBuildFile; fileRef = 053666DB2837758F002F899F /* ViewExtension.swift */; };
		053666DE28377B5B002F899F /* CheckBoxView.swift in Sources */ = {isa = PBXBuildFile; fileRef = 053666DD28377B5B002F899F /* CheckBoxView.swift */; };
		053666E428378918002F899F /* ColorEx.swift in Sources */ = {isa = PBXBuildFile; fileRef = 053666E328378918002F899F /* ColorEx.swift */; };
		053666E628378949002F899F /* UIColor.swift in Sources */ = {isa = PBXBuildFile; fileRef = 053666E528378949002F899F /* UIColor.swift */; };
		0542761B283D5C1800F1044E /* FileManagerEX.swift in Sources */ = {isa = PBXBuildFile; fileRef = 052CA6A9283C944200376E79 /* FileManagerEX.swift */; };
		0543D0EF2870B3AC005807ED /* LeitnerViewModelTests.swift in Sources */ = {isa = PBXBuildFile; fileRef = 0543D0EE2870B3AC005807ED /* LeitnerViewModelTests.swift */; };
		0545068F284A358C007EBAFA /* TagViewModel.swift in Sources */ = {isa = PBXBuildFile; fileRef = 0545068E284A3519007EBAFA /* TagViewModel.swift */; };
		054AB5C22839185E008BC840 /* LeitnerEX.swift in Sources */ = {isa = PBXBuildFile; fileRef = 054AB5C12839185E008BC840 /* LeitnerEX.swift */; };
		054AB5C72839602C008BC840 /* LeitnerRowView.swift in Sources */ = {isa = PBXBuildFile; fileRef = 054AB5C62839602C008BC840 /* LeitnerRowView.swift */; };
		054AB5C9283960A4008BC840 /* LeitnerViewModel.swift in Sources */ = {isa = PBXBuildFile; fileRef = 054AB5C8283960A4008BC840 /* LeitnerViewModel.swift */; };
		054E771E284A4C7D006BCDEF /* UIColorValueTransformer.swift in Sources */ = {isa = PBXBuildFile; fileRef = 054E771D284A4C7D006BCDEF /* UIColorValueTransformer.swift */; };
		054E7720284A523E006BCDEF /* TagEX.swift in Sources */ = {isa = PBXBuildFile; fileRef = 054E771F284A523E006BCDEF /* TagEX.swift */; };
		054E7722284A52FF006BCDEF /* TagView.swift in Sources */ = {isa = PBXBuildFile; fileRef = 054E7721284A52FF006BCDEF /* TagView.swift */; };
		054E7724284A544B006BCDEF /* TagRowView.swift in Sources */ = {isa = PBXBuildFile; fileRef = 054E7723284A544B006BCDEF /* TagRowView.swift */; };
		05517F8328720B74004FEEE1 /* LeitnerBoxUITests.swift in Sources */ = {isa = PBXBuildFile; fileRef = 05517F8228720B74004FEEE1 /* LeitnerBoxUITests.swift */; };
		05517F8528720B74004FEEE1 /* LeitnerBoxUITestsLaunchTests.swift in Sources */ = {isa = PBXBuildFile; fileRef = 05517F8428720B74004FEEE1 /* LeitnerBoxUITestsLaunchTests.swift */; };
		05534693283F6A96009A6029 /* README.md in Resources */ = {isa = PBXBuildFile; fileRef = 05534692283F6A96009A6029 /* README.md */; };
		0565CA3C2876DAC40076F6F4 /* LevelViewModelTests.swift in Sources */ = {isa = PBXBuildFile; fileRef = 0565CA3B2876DAC40076F6F4 /* LevelViewModelTests.swift */; };
		0565CA3E2876E79A0076F6F4 /* SearchViewModelTests.swift in Sources */ = {isa = PBXBuildFile; fileRef = 0565CA3D2876E79A0076F6F4 /* SearchViewModelTests.swift */; };
		0565CA42287718D50076F6F4 /* ReviewViewModelTests.swift in Sources */ = {isa = PBXBuildFile; fileRef = 0565CA41287718D50076F6F4 /* ReviewViewModelTests.swift */; };
		05747BFC28AE82ED00868CC6 /* SynonymEX.swift in Sources */ = {isa = PBXBuildFile; fileRef = 05747BFB28AE82BE00868CC6 /* SynonymEX.swift */; };
		05747BFF28AE9D7B00868CC6 /* AddSynonymsView.swift in Sources */ = {isa = PBXBuildFile; fileRef = 05747BFE28AE9D7B00868CC6 /* AddSynonymsView.swift */; };
		05747C0128AE9DA800868CC6 /* SynonymViewModel.swift in Sources */ = {isa = PBXBuildFile; fileRef = 05747C0028AE9DA800868CC6 /* SynonymViewModel.swift */; };
		05747C0328AED1EC00868CC6 /* QuestionSynonymsView.swift in Sources */ = {isa = PBXBuildFile; fileRef = 05747C0228AED1EC00868CC6 /* QuestionSynonymsView.swift */; };
		0579D4A7283CE459000BD93D /* MainInterface.storyboard in Resources */ = {isa = PBXBuildFile; fileRef = 0579D4A5283CE459000BD93D /* MainInterface.storyboard */; };
		0579D4AB283CE459000BD93D /* Share.appex in Embed App Extensions */ = {isa = PBXBuildFile; fileRef = 0579D4A1283CE459000BD93D /* Share.appex */; platformFilter = ios; settings = {ATTRIBUTES = (RemoveHeadersOnCopy, ); }; };
		0579D4B0283CE46F000BD93D /* ShareViewController.swift in Sources */ = {isa = PBXBuildFile; fileRef = 0579D4AF283CE46F000BD93D /* ShareViewController.swift */; };
		0579D4B1283CE855000BD93D /* AppGroupLocalStorage.swift in Sources */ = {isa = PBXBuildFile; fileRef = 052CA6EB283CE01800376E79 /* AppGroupLocalStorage.swift */; };
		058343C12875DBA200AD0FF3 /* MyError.swift in Sources */ = {isa = PBXBuildFile; fileRef = 058343C02875DBA200AD0FF3 /* MyError.swift */; };
		058343C32875E45E00AD0FF3 /* MockNSManagedObjectContext.swift in Sources */ = {isa = PBXBuildFile; fileRef = 058343C22875E45E00AD0FF3 /* MockNSManagedObjectContext.swift */; };
		058343C52875E7DB00AD0FF3 /* TagViewModelTests.swift in Sources */ = {isa = PBXBuildFile; fileRef = 058343C42875E7DB00AD0FF3 /* TagViewModelTests.swift */; };
		05867E6D283A2A9100F4A413 /* RoundedCorner.swift in Sources */ = {isa = PBXBuildFile; fileRef = 05867E6C283A2A9100F4A413 /* RoundedCorner.swift */; };
		05867E6F283A334900F4A413 /* LevelsViewModel.swift in Sources */ = {isa = PBXBuildFile; fileRef = 05867E6E283A334900F4A413 /* LevelsViewModel.swift */; };
		05867E71283A469000F4A413 /* LevelEX.swift in Sources */ = {isa = PBXBuildFile; fileRef = 05867E70283A469000F4A413 /* LevelEX.swift */; };
		05867E73283A480600F4A413 /* QuestionEX.swift in Sources */ = {isa = PBXBuildFile; fileRef = 05867E72283A480600F4A413 /* QuestionEX.swift */; };
		05867E75283A63AA00F4A413 /* ReviewViewModel.swift in Sources */ = {isa = PBXBuildFile; fileRef = 05867E74283A63AA00F4A413 /* ReviewViewModel.swift */; };
		0589DD4B284B4E6000EEB7A8 /* QuestionTagsView.swift in Sources */ = {isa = PBXBuildFile; fileRef = 0589DD4A284B4E6000EEB7A8 /* QuestionTagsView.swift */; };
		058EA39428AF520E0080BDDF /* AddTagsView.swift in Sources */ = {isa = PBXBuildFile; fileRef = 058EA39328AF520E0080BDDF /* AddTagsView.swift */; };
		058EA39628AF59CA0080BDDF /* TopSheetTextEditorView.swift in Sources */ = {isa = PBXBuildFile; fileRef = 058EA39528AF59CA0080BDDF /* TopSheetTextEditorView.swift */; };
		059D2DA528A500F500231E09 /* LeitnerBox.docc in Sources */ = {isa = PBXBuildFile; fileRef = 059D2DA428A500F500231E09 /* LeitnerBox.docc */; };
		059D2DA728A527C600231E09 /* SplashScreen.swift in Sources */ = {isa = PBXBuildFile; fileRef = 059D2DA628A527C600231E09 /* SplashScreen.swift */; };
		05B0891728466F7500BFE778 /* StringEX.swift in Sources */ = {isa = PBXBuildFile; fileRef = 05B0891628466F7500BFE778 /* StringEX.swift */; };
		05B80B642836979600390EF9 /* LevelsView.swift in Sources */ = {isa = PBXBuildFile; fileRef = 05B80B632836979600390EF9 /* LevelsView.swift */; };
		05BAE2152837BA480043FAEB /* LevelRow.swift in Sources */ = {isa = PBXBuildFile; fileRef = 05BAE2142837BA480043FAEB /* LevelRow.swift */; };
		05BAE2182837CCB50043FAEB /* SearchView.swift in Sources */ = {isa = PBXBuildFile; fileRef = 05BAE2172837CCA50043FAEB /* SearchView.swift */; };
		05BBC3E5284FB31E00477BF5 /* QuestionsInsideTagView.swift in Sources */ = {isa = PBXBuildFile; fileRef = 05BBC3E4284FB31E00477BF5 /* QuestionsInsideTagView.swift */; };
		05D0329F2838DB2B00FE67D5 /* DateEx.swift in Sources */ = {isa = PBXBuildFile; fileRef = 05D0329E2838DB2B00FE67D5 /* DateEx.swift */; };
		05D032A12838E2A900FE67D5 /* SearchRowView.swift in Sources */ = {isa = PBXBuildFile; fileRef = 05D032A02838E2A900FE67D5 /* SearchRowView.swift */; };
		05D032A52838E82C00FE67D5 /* SearchViewModel.swift in Sources */ = {isa = PBXBuildFile; fileRef = 05D032A42838E82C00FE67D5 /* SearchViewModel.swift */; };
		05D032A72838F8D300FE67D5 /* CustomDialog.swift in Sources */ = {isa = PBXBuildFile; fileRef = 05D032A62838F8D300FE67D5 /* CustomDialog.swift */; };
		05D032A92838F8F100FE67D5 /* PrimaryCustomDialog.swift in Sources */ = {isa = PBXBuildFile; fileRef = 05D032A82838F8F100FE67D5 /* PrimaryCustomDialog.swift */; };
		05E315C328A63AB100E020FC /* AnimatableGradientModifier.swift in Sources */ = {isa = PBXBuildFile; fileRef = 05E315C228A63AB100E020FC /* AnimatableGradientModifier.swift */; };
		05F1C8A7288AD07A00CD5F1E /* WidgetKit.framework in Frameworks */ = {isa = PBXBuildFile; fileRef = 05F1C8A6288AD07A00CD5F1E /* WidgetKit.framework */; };
		05F1C8A9288AD07A00CD5F1E /* SwiftUI.framework in Frameworks */ = {isa = PBXBuildFile; fileRef = 05F1C8A8288AD07A00CD5F1E /* SwiftUI.framework */; };
		05F1C8AC288AD07A00CD5F1E /* ReviewWidget.swift in Sources */ = {isa = PBXBuildFile; fileRef = 05F1C8AB288AD07A00CD5F1E /* ReviewWidget.swift */; };
		05F1C8AF288AD07B00CD5F1E /* Assets.xcassets in Resources */ = {isa = PBXBuildFile; fileRef = 05F1C8AE288AD07B00CD5F1E /* Assets.xcassets */; };
		05F1C8B1288AD07B00CD5F1E /* ReviewWidget.intentdefinition in Sources */ = {isa = PBXBuildFile; fileRef = 05F1C8AD288AD07A00CD5F1E /* ReviewWidget.intentdefinition */; };
		05F1C8B2288AD07B00CD5F1E /* ReviewWidget.intentdefinition in Sources */ = {isa = PBXBuildFile; fileRef = 05F1C8AD288AD07A00CD5F1E /* ReviewWidget.intentdefinition */; };
		05F1C8B5288AD07B00CD5F1E /* ReviewWidgetExtension.appex in Embed App Extensions */ = {isa = PBXBuildFile; fileRef = 05F1C8A5288AD07A00CD5F1E /* ReviewWidgetExtension.appex */; settings = {ATTRIBUTES = (RemoveHeadersOnCopy, ); }; };
/* End PBXBuildFile section */

/* Begin PBXContainerItemProxy section */
		0543D0F02870B3AC005807ED /* PBXContainerItemProxy */ = {
			isa = PBXContainerItemProxy;
			containerPortal = 05266AAE28367DA9004693BC /* Project object */;
			proxyType = 1;
			remoteGlobalIDString = 05266AB528367DA9004693BC;
			remoteInfo = LeitnerBox;
		};
		05517F8628720B74004FEEE1 /* PBXContainerItemProxy */ = {
			isa = PBXContainerItemProxy;
			containerPortal = 05266AAE28367DA9004693BC /* Project object */;
			proxyType = 1;
			remoteGlobalIDString = 05266AB528367DA9004693BC;
			remoteInfo = LeitnerBox;
		};
		0579D4A9283CE459000BD93D /* PBXContainerItemProxy */ = {
			isa = PBXContainerItemProxy;
			containerPortal = 05266AAE28367DA9004693BC /* Project object */;
			proxyType = 1;
			remoteGlobalIDString = 0579D4A0283CE459000BD93D;
			remoteInfo = Share;
		};
		05F1C8B3288AD07B00CD5F1E /* PBXContainerItemProxy */ = {
			isa = PBXContainerItemProxy;
			containerPortal = 05266AAE28367DA9004693BC /* Project object */;
			proxyType = 1;
			remoteGlobalIDString = 05F1C8A4288AD07A00CD5F1E;
			remoteInfo = ReviewWidgetExtension;
		};
/* End PBXContainerItemProxy section */

/* Begin PBXCopyFilesBuildPhase section */
		052CA6BF283C9A9500376E79 /* Embed App Extensions */ = {
			isa = PBXCopyFilesBuildPhase;
			buildActionMask = 2147483647;
			dstPath = "";
			dstSubfolderSpec = 13;
			files = (
				05F1C8B5288AD07B00CD5F1E /* ReviewWidgetExtension.appex in Embed App Extensions */,
				0579D4AB283CE459000BD93D /* Share.appex in Embed App Extensions */,
			);
			name = "Embed App Extensions";
			runOnlyForDeploymentPostprocessing = 0;
		};
/* End PBXCopyFilesBuildPhase section */

/* Begin PBXFileReference section */
		050D6DD32879EB220020BCDB /* QuestionViewModelTests.swift */ = {isa = PBXFileReference; lastKnownFileType = sourcecode.swift; path = QuestionViewModelTests.swift; sourceTree = "<group>"; };
		051B7DAA288B00BC00465C24 /* UserDefaults.swift */ = {isa = PBXFileReference; lastKnownFileType = sourcecode.swift; path = UserDefaults.swift; sourceTree = "<group>"; };
		051B7DAD288B02C300465C24 /* WidgetQuestion.swift */ = {isa = PBXFileReference; lastKnownFileType = sourcecode.swift; path = WidgetQuestion.swift; sourceTree = "<group>"; };
		05266AB628367DA9004693BC /* LeitnerBox.app */ = {isa = PBXFileReference; explicitFileType = wrapper.application; includeInIndex = 0; path = LeitnerBox.app; sourceTree = BUILT_PRODUCTS_DIR; };
		05266AB928367DA9004693BC /* LeitnerBoxApp.swift */ = {isa = PBXFileReference; lastKnownFileType = sourcecode.swift; path = LeitnerBoxApp.swift; sourceTree = "<group>"; };
		05266ABB28367DA9004693BC /* LeitnerView.swift */ = {isa = PBXFileReference; lastKnownFileType = sourcecode.swift; path = LeitnerView.swift; sourceTree = "<group>"; };
		05266ABD28367DAA004693BC /* Assets.xcassets */ = {isa = PBXFileReference; lastKnownFileType = folder.assetcatalog; path = Assets.xcassets; sourceTree = "<group>"; };
		05266AC028367DAA004693BC /* Preview Assets.xcassets */ = {isa = PBXFileReference; lastKnownFileType = folder.assetcatalog; path = "Preview Assets.xcassets"; sourceTree = "<group>"; };
		05266AC228367DAA004693BC /* Persistence.swift */ = {isa = PBXFileReference; lastKnownFileType = sourcecode.swift; path = Persistence.swift; sourceTree = "<group>"; };
		05266AC528367DAA004693BC /* LeitnerBox.xcdatamodel */ = {isa = PBXFileReference; lastKnownFileType = wrapper.xcdatamodel; path = LeitnerBox.xcdatamodel; sourceTree = "<group>"; };
		052CA6A9283C944200376E79 /* FileManagerEX.swift */ = {isa = PBXFileReference; lastKnownFileType = sourcecode.swift; path = FileManagerEX.swift; sourceTree = "<group>"; };
		052CA6AB283C988F00376E79 /* ActivityViewControllerWrapper.swift */ = {isa = PBXFileReference; fileEncoding = 4; lastKnownFileType = sourcecode.swift; path = ActivityViewControllerWrapper.swift; sourceTree = "<group>"; };
		052CA6D8283C9E2E00376E79 /* UniformTypeIdentifiers.framework */ = {isa = PBXFileReference; lastKnownFileType = wrapper.framework; name = UniformTypeIdentifiers.framework; path = System/Library/Frameworks/UniformTypeIdentifiers.framework; sourceTree = SDKROOT; };
		052CA6EB283CE01800376E79 /* AppGroupLocalStorage.swift */ = {isa = PBXFileReference; lastKnownFileType = sourcecode.swift; path = AppGroupLocalStorage.swift; sourceTree = "<group>"; };
		052CA6EE283CE06E00376E79 /* LeitnerBox.entitlements */ = {isa = PBXFileReference; lastKnownFileType = text.plist.entitlements; path = LeitnerBox.entitlements; sourceTree = "<group>"; };
		052CBA482840BAA400544925 /* BoolEX.swift */ = {isa = PBXFileReference; lastKnownFileType = sourcecode.swift; path = BoolEX.swift; sourceTree = "<group>"; };
		0531A605283FEEF70051EB13 /* TextEditorView.swift */ = {isa = PBXFileReference; lastKnownFileType = sourcecode.swift; path = TextEditorView.swift; sourceTree = "<group>"; };
		053666D1283769A1002F899F /* ReviewView.swift */ = {isa = PBXFileReference; lastKnownFileType = sourcecode.swift; path = ReviewView.swift; sourceTree = "<group>"; };
		053666D32837714F002F899F /* AddOrEditQuestionView.swift */ = {isa = PBXFileReference; lastKnownFileType = sourcecode.swift; path = AddOrEditQuestionView.swift; sourceTree = "<group>"; };
		053666D628377420002F899F /* PrimaryTextField.swift */ = {isa = PBXFileReference; lastKnownFileType = sourcecode.swift; path = PrimaryTextField.swift; sourceTree = "<group>"; };
		053666DB2837758F002F899F /* ViewExtension.swift */ = {isa = PBXFileReference; fileEncoding = 4; lastKnownFileType = sourcecode.swift; path = ViewExtension.swift; sourceTree = "<group>"; };
		053666DD28377B5B002F899F /* CheckBoxView.swift */ = {isa = PBXFileReference; lastKnownFileType = sourcecode.swift; path = CheckBoxView.swift; sourceTree = "<group>"; };
		053666E328378918002F899F /* ColorEx.swift */ = {isa = PBXFileReference; fileEncoding = 4; lastKnownFileType = sourcecode.swift; path = ColorEx.swift; sourceTree = "<group>"; };
		053666E528378949002F899F /* UIColor.swift */ = {isa = PBXFileReference; fileEncoding = 4; lastKnownFileType = sourcecode.swift; path = UIColor.swift; sourceTree = "<group>"; };
		0543D0EC2870B3AC005807ED /* LeitnerBoxTests.xctest */ = {isa = PBXFileReference; explicitFileType = wrapper.cfbundle; includeInIndex = 0; path = LeitnerBoxTests.xctest; sourceTree = BUILT_PRODUCTS_DIR; };
		0543D0EE2870B3AC005807ED /* LeitnerViewModelTests.swift */ = {isa = PBXFileReference; lastKnownFileType = sourcecode.swift; path = LeitnerViewModelTests.swift; sourceTree = "<group>"; };
		0545068E284A3519007EBAFA /* TagViewModel.swift */ = {isa = PBXFileReference; lastKnownFileType = sourcecode.swift; path = TagViewModel.swift; sourceTree = "<group>"; };
		054AB5C12839185E008BC840 /* LeitnerEX.swift */ = {isa = PBXFileReference; lastKnownFileType = sourcecode.swift; path = LeitnerEX.swift; sourceTree = "<group>"; };
		054AB5C62839602C008BC840 /* LeitnerRowView.swift */ = {isa = PBXFileReference; lastKnownFileType = sourcecode.swift; path = LeitnerRowView.swift; sourceTree = "<group>"; };
		054AB5C8283960A4008BC840 /* LeitnerViewModel.swift */ = {isa = PBXFileReference; lastKnownFileType = sourcecode.swift; path = LeitnerViewModel.swift; sourceTree = "<group>"; };
		054E771D284A4C7D006BCDEF /* UIColorValueTransformer.swift */ = {isa = PBXFileReference; lastKnownFileType = sourcecode.swift; path = UIColorValueTransformer.swift; sourceTree = "<group>"; };
		054E771F284A523E006BCDEF /* TagEX.swift */ = {isa = PBXFileReference; lastKnownFileType = sourcecode.swift; path = TagEX.swift; sourceTree = "<group>"; };
		054E7721284A52FF006BCDEF /* TagView.swift */ = {isa = PBXFileReference; lastKnownFileType = sourcecode.swift; path = TagView.swift; sourceTree = "<group>"; };
		054E7723284A544B006BCDEF /* TagRowView.swift */ = {isa = PBXFileReference; lastKnownFileType = sourcecode.swift; path = TagRowView.swift; sourceTree = "<group>"; };
		05517F8028720B74004FEEE1 /* LeitnerBoxUITests.xctest */ = {isa = PBXFileReference; explicitFileType = wrapper.cfbundle; includeInIndex = 0; path = LeitnerBoxUITests.xctest; sourceTree = BUILT_PRODUCTS_DIR; };
		05517F8228720B74004FEEE1 /* LeitnerBoxUITests.swift */ = {isa = PBXFileReference; lastKnownFileType = sourcecode.swift; path = LeitnerBoxUITests.swift; sourceTree = "<group>"; };
		05517F8428720B74004FEEE1 /* LeitnerBoxUITestsLaunchTests.swift */ = {isa = PBXFileReference; lastKnownFileType = sourcecode.swift; path = LeitnerBoxUITestsLaunchTests.swift; sourceTree = "<group>"; };
		05534692283F6A96009A6029 /* README.md */ = {isa = PBXFileReference; fileEncoding = 4; lastKnownFileType = net.daringfireball.markdown; path = README.md; sourceTree = "<group>"; };
		0565CA3B2876DAC40076F6F4 /* LevelViewModelTests.swift */ = {isa = PBXFileReference; lastKnownFileType = sourcecode.swift; path = LevelViewModelTests.swift; sourceTree = "<group>"; };
		0565CA3D2876E79A0076F6F4 /* SearchViewModelTests.swift */ = {isa = PBXFileReference; lastKnownFileType = sourcecode.swift; path = SearchViewModelTests.swift; sourceTree = "<group>"; };
		0565CA41287718D50076F6F4 /* ReviewViewModelTests.swift */ = {isa = PBXFileReference; lastKnownFileType = sourcecode.swift; path = ReviewViewModelTests.swift; sourceTree = "<group>"; };
		05747BFB28AE82BE00868CC6 /* SynonymEX.swift */ = {isa = PBXFileReference; lastKnownFileType = sourcecode.swift; path = SynonymEX.swift; sourceTree = "<group>"; };
		05747BFE28AE9D7B00868CC6 /* AddSynonymsView.swift */ = {isa = PBXFileReference; lastKnownFileType = sourcecode.swift; path = AddSynonymsView.swift; sourceTree = "<group>"; };
		05747C0028AE9DA800868CC6 /* SynonymViewModel.swift */ = {isa = PBXFileReference; lastKnownFileType = sourcecode.swift; path = SynonymViewModel.swift; sourceTree = "<group>"; };
		05747C0228AED1EC00868CC6 /* QuestionSynonymsView.swift */ = {isa = PBXFileReference; lastKnownFileType = sourcecode.swift; path = QuestionSynonymsView.swift; sourceTree = "<group>"; };
		0579D4A1283CE459000BD93D /* Share.appex */ = {isa = PBXFileReference; explicitFileType = "wrapper.app-extension"; includeInIndex = 0; path = Share.appex; sourceTree = BUILT_PRODUCTS_DIR; };
		0579D4A6283CE459000BD93D /* Base */ = {isa = PBXFileReference; lastKnownFileType = file.storyboard; name = Base; path = Base.lproj/MainInterface.storyboard; sourceTree = "<group>"; };
		0579D4A8283CE459000BD93D /* Info.plist */ = {isa = PBXFileReference; lastKnownFileType = text.plist.xml; path = Info.plist; sourceTree = "<group>"; };
		0579D4AF283CE46F000BD93D /* ShareViewController.swift */ = {isa = PBXFileReference; fileEncoding = 4; lastKnownFileType = sourcecode.swift; path = ShareViewController.swift; sourceTree = "<group>"; };
		0579D4B2283CEE60000BD93D /* Share.entitlements */ = {isa = PBXFileReference; lastKnownFileType = text.plist.entitlements; path = Share.entitlements; sourceTree = "<group>"; };
		058343C02875DBA200AD0FF3 /* MyError.swift */ = {isa = PBXFileReference; lastKnownFileType = sourcecode.swift; path = MyError.swift; sourceTree = "<group>"; };
		058343C22875E45E00AD0FF3 /* MockNSManagedObjectContext.swift */ = {isa = PBXFileReference; lastKnownFileType = sourcecode.swift; path = MockNSManagedObjectContext.swift; sourceTree = "<group>"; };
		058343C42875E7DB00AD0FF3 /* TagViewModelTests.swift */ = {isa = PBXFileReference; lastKnownFileType = sourcecode.swift; path = TagViewModelTests.swift; sourceTree = "<group>"; };
		05867E6B283A1D7100F4A413 /* Info.plist */ = {isa = PBXFileReference; lastKnownFileType = text.plist; path = Info.plist; sourceTree = "<group>"; };
		05867E6C283A2A9100F4A413 /* RoundedCorner.swift */ = {isa = PBXFileReference; lastKnownFileType = sourcecode.swift; path = RoundedCorner.swift; sourceTree = "<group>"; };
		05867E6E283A334900F4A413 /* LevelsViewModel.swift */ = {isa = PBXFileReference; lastKnownFileType = sourcecode.swift; path = LevelsViewModel.swift; sourceTree = "<group>"; };
		05867E70283A469000F4A413 /* LevelEX.swift */ = {isa = PBXFileReference; lastKnownFileType = sourcecode.swift; path = LevelEX.swift; sourceTree = "<group>"; };
		05867E72283A480600F4A413 /* QuestionEX.swift */ = {isa = PBXFileReference; lastKnownFileType = sourcecode.swift; path = QuestionEX.swift; sourceTree = "<group>"; };
		05867E74283A63AA00F4A413 /* ReviewViewModel.swift */ = {isa = PBXFileReference; lastKnownFileType = sourcecode.swift; path = ReviewViewModel.swift; sourceTree = "<group>"; };
		0589DD4A284B4E6000EEB7A8 /* QuestionTagsView.swift */ = {isa = PBXFileReference; lastKnownFileType = sourcecode.swift; path = QuestionTagsView.swift; sourceTree = "<group>"; };
		058EA39328AF520E0080BDDF /* AddTagsView.swift */ = {isa = PBXFileReference; lastKnownFileType = sourcecode.swift; path = AddTagsView.swift; sourceTree = "<group>"; };
		058EA39528AF59CA0080BDDF /* TopSheetTextEditorView.swift */ = {isa = PBXFileReference; lastKnownFileType = sourcecode.swift; path = TopSheetTextEditorView.swift; sourceTree = "<group>"; };
		059D2DA428A500F500231E09 /* LeitnerBox.docc */ = {isa = PBXFileReference; lastKnownFileType = folder.documentationcatalog; path = LeitnerBox.docc; sourceTree = "<group>"; };
		059D2DA628A527C600231E09 /* SplashScreen.swift */ = {isa = PBXFileReference; lastKnownFileType = sourcecode.swift; path = SplashScreen.swift; sourceTree = "<group>"; };
		05B0891628466F7500BFE778 /* StringEX.swift */ = {isa = PBXFileReference; lastKnownFileType = sourcecode.swift; path = StringEX.swift; sourceTree = "<group>"; };
		05B80B632836979600390EF9 /* LevelsView.swift */ = {isa = PBXFileReference; lastKnownFileType = sourcecode.swift; path = LevelsView.swift; sourceTree = "<group>"; };
		05BAE21128379B820043FAEB /* QuestionViewModel.swift */ = {isa = PBXFileReference; lastKnownFileType = sourcecode.swift; path = QuestionViewModel.swift; sourceTree = "<group>"; };
		05BAE2142837BA480043FAEB /* LevelRow.swift */ = {isa = PBXFileReference; lastKnownFileType = sourcecode.swift; path = LevelRow.swift; sourceTree = "<group>"; };
		05BAE2172837CCA50043FAEB /* SearchView.swift */ = {isa = PBXFileReference; lastKnownFileType = sourcecode.swift; path = SearchView.swift; sourceTree = "<group>"; };
		05BBC3E4284FB31E00477BF5 /* QuestionsInsideTagView.swift */ = {isa = PBXFileReference; lastKnownFileType = sourcecode.swift; path = QuestionsInsideTagView.swift; sourceTree = "<group>"; };
		05D0329E2838DB2B00FE67D5 /* DateEx.swift */ = {isa = PBXFileReference; lastKnownFileType = sourcecode.swift; path = DateEx.swift; sourceTree = "<group>"; };
		05D032A02838E2A900FE67D5 /* SearchRowView.swift */ = {isa = PBXFileReference; lastKnownFileType = sourcecode.swift; path = SearchRowView.swift; sourceTree = "<group>"; };
		05D032A42838E82C00FE67D5 /* SearchViewModel.swift */ = {isa = PBXFileReference; lastKnownFileType = sourcecode.swift; path = SearchViewModel.swift; sourceTree = "<group>"; };
		05D032A62838F8D300FE67D5 /* CustomDialog.swift */ = {isa = PBXFileReference; fileEncoding = 4; lastKnownFileType = sourcecode.swift; path = CustomDialog.swift; sourceTree = "<group>"; };
		05D032A82838F8F100FE67D5 /* PrimaryCustomDialog.swift */ = {isa = PBXFileReference; fileEncoding = 4; lastKnownFileType = sourcecode.swift; path = PrimaryCustomDialog.swift; sourceTree = "<group>"; };
		05E315C228A63AB100E020FC /* AnimatableGradientModifier.swift */ = {isa = PBXFileReference; lastKnownFileType = sourcecode.swift; path = AnimatableGradientModifier.swift; sourceTree = "<group>"; };
		05F1C8A5288AD07A00CD5F1E /* ReviewWidgetExtension.appex */ = {isa = PBXFileReference; explicitFileType = "wrapper.app-extension"; includeInIndex = 0; path = ReviewWidgetExtension.appex; sourceTree = BUILT_PRODUCTS_DIR; };
		05F1C8A6288AD07A00CD5F1E /* WidgetKit.framework */ = {isa = PBXFileReference; lastKnownFileType = wrapper.framework; name = WidgetKit.framework; path = System/Library/Frameworks/WidgetKit.framework; sourceTree = SDKROOT; };
		05F1C8A8288AD07A00CD5F1E /* SwiftUI.framework */ = {isa = PBXFileReference; lastKnownFileType = wrapper.framework; name = SwiftUI.framework; path = System/Library/Frameworks/SwiftUI.framework; sourceTree = SDKROOT; };
		05F1C8AB288AD07A00CD5F1E /* ReviewWidget.swift */ = {isa = PBXFileReference; lastKnownFileType = sourcecode.swift; path = ReviewWidget.swift; sourceTree = "<group>"; };
		05F1C8AD288AD07A00CD5F1E /* ReviewWidget.intentdefinition */ = {isa = PBXFileReference; lastKnownFileType = file.intentdefinition; path = ReviewWidget.intentdefinition; sourceTree = "<group>"; };
		05F1C8AE288AD07B00CD5F1E /* Assets.xcassets */ = {isa = PBXFileReference; lastKnownFileType = folder.assetcatalog; path = Assets.xcassets; sourceTree = "<group>"; };
		05F1C8B0288AD07B00CD5F1E /* Info.plist */ = {isa = PBXFileReference; lastKnownFileType = text.plist.xml; path = Info.plist; sourceTree = "<group>"; };
		05F1C8B6288AD07B00CD5F1E /* ReviewWidgetExtension.entitlements */ = {isa = PBXFileReference; lastKnownFileType = text.plist.entitlements; path = ReviewWidgetExtension.entitlements; sourceTree = "<group>"; };
/* End PBXFileReference section */

/* Begin PBXFrameworksBuildPhase section */
		05266AB328367DA9004693BC /* Frameworks */ = {
			isa = PBXFrameworksBuildPhase;
			buildActionMask = 2147483647;
			files = (
			);
			runOnlyForDeploymentPostprocessing = 0;
		};
		0543D0E92870B3AC005807ED /* Frameworks */ = {
			isa = PBXFrameworksBuildPhase;
			buildActionMask = 2147483647;
			files = (
			);
			runOnlyForDeploymentPostprocessing = 0;
		};
		05517F7D28720B74004FEEE1 /* Frameworks */ = {
			isa = PBXFrameworksBuildPhase;
			buildActionMask = 2147483647;
			files = (
			);
			runOnlyForDeploymentPostprocessing = 0;
		};
		0579D49E283CE459000BD93D /* Frameworks */ = {
			isa = PBXFrameworksBuildPhase;
			buildActionMask = 2147483647;
			files = (
			);
			runOnlyForDeploymentPostprocessing = 0;
		};
		05F1C8A2288AD07A00CD5F1E /* Frameworks */ = {
			isa = PBXFrameworksBuildPhase;
			buildActionMask = 2147483647;
			files = (
				05F1C8A9288AD07A00CD5F1E /* SwiftUI.framework in Frameworks */,
				05F1C8A7288AD07A00CD5F1E /* WidgetKit.framework in Frameworks */,
			);
			runOnlyForDeploymentPostprocessing = 0;
		};
/* End PBXFrameworksBuildPhase section */

/* Begin PBXGroup section */
		05266AAD28367DA9004693BC = {
			isa = PBXGroup;
			children = (
				05F1C8B6288AD07B00CD5F1E /* ReviewWidgetExtension.entitlements */,
				05534692283F6A96009A6029 /* README.md */,
				05266AB828367DA9004693BC /* LeitnerBox */,
				0579D4A2283CE459000BD93D /* Share */,
				0543D0ED2870B3AC005807ED /* LeitnerBoxTests */,
				05517F8128720B74004FEEE1 /* LeitnerBoxUITests */,
				05F1C8AA288AD07A00CD5F1E /* ReviewWidget */,
				052CA6D7283C9E2E00376E79 /* Frameworks */,
				05266AB728367DA9004693BC /* Products */,
			);
			sourceTree = "<group>";
		};
		05266AB728367DA9004693BC /* Products */ = {
			isa = PBXGroup;
			children = (
				05266AB628367DA9004693BC /* LeitnerBox.app */,
				0579D4A1283CE459000BD93D /* Share.appex */,
				0543D0EC2870B3AC005807ED /* LeitnerBoxTests.xctest */,
				05517F8028720B74004FEEE1 /* LeitnerBoxUITests.xctest */,
				05F1C8A5288AD07A00CD5F1E /* ReviewWidgetExtension.appex */,
			);
			name = Products;
			sourceTree = "<group>";
		};
		05266AB828367DA9004693BC /* LeitnerBox */ = {
			isa = PBXGroup;
			children = (
				052CA6EE283CE06E00376E79 /* LeitnerBox.entitlements */,
				05867E6B283A1D7100F4A413 /* Info.plist */,
				054AB5C528395214008BC840 /* Review */,
				054AB5C428395203008BC840 /* Leitners */,
				054AB5C3283951DE008BC840 /* Level */,
				05BAE2162837CC880043FAEB /* Search */,
				05BAE21328379C9E0043FAEB /* AddOrEditQuestion */,
				05747BFD28AE9D6500868CC6 /* AddSynonym */,
				0545068D284A350D007EBAFA /* Tag */,
				053666D828377536002F899F /* Helpers */,
				05266AB928367DA9004693BC /* LeitnerBoxApp.swift */,
				05266ABD28367DAA004693BC /* Assets.xcassets */,
				05266AC228367DAA004693BC /* Persistence.swift */,
				05266AC428367DAA004693BC /* LeitnerBox.xcdatamodeld */,
				05266ABF28367DAA004693BC /* Preview Content */,
				052CA6EB283CE01800376E79 /* AppGroupLocalStorage.swift */,
				059D2DA628A527C600231E09 /* SplashScreen.swift */,
			);
			path = LeitnerBox;
			sourceTree = "<group>";
		};
		05266ABF28367DAA004693BC /* Preview Content */ = {
			isa = PBXGroup;
			children = (
				05266AC028367DAA004693BC /* Preview Assets.xcassets */,
			);
			path = "Preview Content";
			sourceTree = "<group>";
		};
		052CA6D7283C9E2E00376E79 /* Frameworks */ = {
			isa = PBXGroup;
			children = (
				052CA6D8283C9E2E00376E79 /* UniformTypeIdentifiers.framework */,
				05F1C8A6288AD07A00CD5F1E /* WidgetKit.framework */,
				05F1C8A8288AD07A00CD5F1E /* SwiftUI.framework */,
			);
			name = Frameworks;
			sourceTree = "<group>";
		};
		053666D52837740D002F899F /* CustomView */ = {
			isa = PBXGroup;
			children = (
				05D032A82838F8F100FE67D5 /* PrimaryCustomDialog.swift */,
				052CA6AB283C988F00376E79 /* ActivityViewControllerWrapper.swift */,
				05D032A62838F8D300FE67D5 /* CustomDialog.swift */,
				053666D628377420002F899F /* PrimaryTextField.swift */,
				053666DD28377B5B002F899F /* CheckBoxView.swift */,
				058EA39528AF59CA0080BDDF /* TopSheetTextEditorView.swift */,
				0531A605283FEEF70051EB13 /* TextEditorView.swift */,
			);
			path = CustomView;
			sourceTree = "<group>";
		};
		053666D828377536002F899F /* Helpers */ = {
			isa = PBXGroup;
			children = (
				059D2DA428A500F500231E09 /* LeitnerBox.docc */,
				053666DA2837755F002F899F /* Extentions */,
				053666D52837740D002F899F /* CustomView */,
				054E771D284A4C7D006BCDEF /* UIColorValueTransformer.swift */,
				058343C02875DBA200AD0FF3 /* MyError.swift */,
				051B7DAD288B02C300465C24 /* WidgetQuestion.swift */,
				05E315C228A63AB100E020FC /* AnimatableGradientModifier.swift */,
			);
			path = Helpers;
			sourceTree = "<group>";
		};
		053666DA2837755F002F899F /* Extentions */ = {
			isa = PBXGroup;
			children = (
				053666E328378918002F899F /* ColorEx.swift */,
				053666DB2837758F002F899F /* ViewExtension.swift */,
				053666E528378949002F899F /* UIColor.swift */,
				05D0329E2838DB2B00FE67D5 /* DateEx.swift */,
				054AB5C12839185E008BC840 /* LeitnerEX.swift */,
				05867E70283A469000F4A413 /* LevelEX.swift */,
				05747BFB28AE82BE00868CC6 /* SynonymEX.swift */,
				05867E6C283A2A9100F4A413 /* RoundedCorner.swift */,
				05867E72283A480600F4A413 /* QuestionEX.swift */,
				052CA6A9283C944200376E79 /* FileManagerEX.swift */,
				052CBA482840BAA400544925 /* BoolEX.swift */,
				05B0891628466F7500BFE778 /* StringEX.swift */,
				054E771F284A523E006BCDEF /* TagEX.swift */,
				051B7DAA288B00BC00465C24 /* UserDefaults.swift */,
			);
			path = Extentions;
			sourceTree = "<group>";
		};
		0543D0ED2870B3AC005807ED /* LeitnerBoxTests */ = {
			isa = PBXGroup;
			children = (
				0543D0EE2870B3AC005807ED /* LeitnerViewModelTests.swift */,
				058343C42875E7DB00AD0FF3 /* TagViewModelTests.swift */,
				0565CA3B2876DAC40076F6F4 /* LevelViewModelTests.swift */,
				0565CA3D2876E79A0076F6F4 /* SearchViewModelTests.swift */,
				0565CA41287718D50076F6F4 /* ReviewViewModelTests.swift */,
				050D6DD32879EB220020BCDB /* QuestionViewModelTests.swift */,
				058343C22875E45E00AD0FF3 /* MockNSManagedObjectContext.swift */,
			);
			path = LeitnerBoxTests;
			sourceTree = "<group>";
		};
		0545068D284A350D007EBAFA /* Tag */ = {
			isa = PBXGroup;
			children = (
				058EA39328AF520E0080BDDF /* AddTagsView.swift */,
				054E7721284A52FF006BCDEF /* TagView.swift */,
				05BBC3E4284FB31E00477BF5 /* QuestionsInsideTagView.swift */,
				054E7723284A544B006BCDEF /* TagRowView.swift */,
				0545068E284A3519007EBAFA /* TagViewModel.swift */,
				0589DD4A284B4E6000EEB7A8 /* QuestionTagsView.swift */,
			);
			path = Tag;
			sourceTree = "<group>";
		};
		054AB5C3283951DE008BC840 /* Level */ = {
			isa = PBXGroup;
			children = (
				05B80B632836979600390EF9 /* LevelsView.swift */,
				05BAE2142837BA480043FAEB /* LevelRow.swift */,
				05867E6E283A334900F4A413 /* LevelsViewModel.swift */,
			);
			path = Level;
			sourceTree = "<group>";
		};
		054AB5C428395203008BC840 /* Leitners */ = {
			isa = PBXGroup;
			children = (
				05266ABB28367DA9004693BC /* LeitnerView.swift */,
				054AB5C62839602C008BC840 /* LeitnerRowView.swift */,
				054AB5C8283960A4008BC840 /* LeitnerViewModel.swift */,
			);
			path = Leitners;
			sourceTree = "<group>";
		};
		054AB5C528395214008BC840 /* Review */ = {
			isa = PBXGroup;
			children = (
				053666D1283769A1002F899F /* ReviewView.swift */,
				05867E74283A63AA00F4A413 /* ReviewViewModel.swift */,
			);
			path = Review;
			sourceTree = "<group>";
		};
		05517F8128720B74004FEEE1 /* LeitnerBoxUITests */ = {
			isa = PBXGroup;
			children = (
				05517F8228720B74004FEEE1 /* LeitnerBoxUITests.swift */,
				05517F8428720B74004FEEE1 /* LeitnerBoxUITestsLaunchTests.swift */,
			);
			path = LeitnerBoxUITests;
			sourceTree = "<group>";
		};
		05747BFD28AE9D6500868CC6 /* AddSynonym */ = {
			isa = PBXGroup;
			children = (
				05747C0228AED1EC00868CC6 /* QuestionSynonymsView.swift */,
				05747BFE28AE9D7B00868CC6 /* AddSynonymsView.swift */,
				05747C0028AE9DA800868CC6 /* SynonymViewModel.swift */,
			);
			path = AddSynonym;
			sourceTree = "<group>";
		};
		0579D4A2283CE459000BD93D /* Share */ = {
			isa = PBXGroup;
			children = (
				0579D4B2283CEE60000BD93D /* Share.entitlements */,
				0579D4AF283CE46F000BD93D /* ShareViewController.swift */,
				0579D4A5283CE459000BD93D /* MainInterface.storyboard */,
				0579D4A8283CE459000BD93D /* Info.plist */,
			);
			path = Share;
			sourceTree = "<group>";
		};
		05BAE21328379C9E0043FAEB /* AddOrEditQuestion */ = {
			isa = PBXGroup;
			children = (
				053666D32837714F002F899F /* AddOrEditQuestionView.swift */,
				05BAE21128379B820043FAEB /* QuestionViewModel.swift */,
			);
			path = AddOrEditQuestion;
			sourceTree = "<group>";
		};
		05BAE2162837CC880043FAEB /* Search */ = {
			isa = PBXGroup;
			children = (
				05BAE2172837CCA50043FAEB /* SearchView.swift */,
				05D032A42838E82C00FE67D5 /* SearchViewModel.swift */,
				05D032A02838E2A900FE67D5 /* SearchRowView.swift */,
			);
			path = Search;
			sourceTree = "<group>";
		};
		05F1C8AA288AD07A00CD5F1E /* ReviewWidget */ = {
			isa = PBXGroup;
			children = (
				05F1C8AB288AD07A00CD5F1E /* ReviewWidget.swift */,
				05F1C8AD288AD07A00CD5F1E /* ReviewWidget.intentdefinition */,
				05F1C8AE288AD07B00CD5F1E /* Assets.xcassets */,
				05F1C8B0288AD07B00CD5F1E /* Info.plist */,
			);
			path = ReviewWidget;
			sourceTree = "<group>";
		};
/* End PBXGroup section */

/* Begin PBXNativeTarget section */
		05266AB528367DA9004693BC /* LeitnerBox */ = {
			isa = PBXNativeTarget;
			buildConfigurationList = 05266AC928367DAA004693BC /* Build configuration list for PBXNativeTarget "LeitnerBox" */;
			buildPhases = (
				05266AB228367DA9004693BC /* Sources */,
				05266AB328367DA9004693BC /* Frameworks */,
				05266AB428367DA9004693BC /* Resources */,
				052CA6BF283C9A9500376E79 /* Embed App Extensions */,
			);
			buildRules = (
			);
			dependencies = (
				0579D4AA283CE459000BD93D /* PBXTargetDependency */,
				05F1C8B4288AD07B00CD5F1E /* PBXTargetDependency */,
			);
			name = LeitnerBox;
			productName = LeitnerBox;
			productReference = 05266AB628367DA9004693BC /* LeitnerBox.app */;
			productType = "com.apple.product-type.application";
		};
		0543D0EB2870B3AC005807ED /* LeitnerBoxTests */ = {
			isa = PBXNativeTarget;
			buildConfigurationList = 0543D0F42870B3AC005807ED /* Build configuration list for PBXNativeTarget "LeitnerBoxTests" */;
			buildPhases = (
				0543D0E82870B3AC005807ED /* Sources */,
				0543D0E92870B3AC005807ED /* Frameworks */,
				0543D0EA2870B3AC005807ED /* Resources */,
			);
			buildRules = (
			);
			dependencies = (
				0543D0F12870B3AC005807ED /* PBXTargetDependency */,
			);
			name = LeitnerBoxTests;
			productName = LeitnerBoxTests;
			productReference = 0543D0EC2870B3AC005807ED /* LeitnerBoxTests.xctest */;
			productType = "com.apple.product-type.bundle.unit-test";
		};
		05517F7F28720B74004FEEE1 /* LeitnerBoxUITests */ = {
			isa = PBXNativeTarget;
			buildConfigurationList = 05517F8A28720B74004FEEE1 /* Build configuration list for PBXNativeTarget "LeitnerBoxUITests" */;
			buildPhases = (
				05517F7C28720B74004FEEE1 /* Sources */,
				05517F7D28720B74004FEEE1 /* Frameworks */,
				05517F7E28720B74004FEEE1 /* Resources */,
			);
			buildRules = (
			);
			dependencies = (
				05517F8728720B74004FEEE1 /* PBXTargetDependency */,
			);
			name = LeitnerBoxUITests;
			productName = LeitnerBoxUITests;
			productReference = 05517F8028720B74004FEEE1 /* LeitnerBoxUITests.xctest */;
			productType = "com.apple.product-type.bundle.ui-testing";
		};
		0579D4A0283CE459000BD93D /* Share */ = {
			isa = PBXNativeTarget;
			buildConfigurationList = 0579D4AC283CE459000BD93D /* Build configuration list for PBXNativeTarget "Share" */;
			buildPhases = (
				0579D49D283CE459000BD93D /* Sources */,
				0579D49E283CE459000BD93D /* Frameworks */,
				0579D49F283CE459000BD93D /* Resources */,
			);
			buildRules = (
			);
			dependencies = (
			);
			name = Share;
			productName = Share;
			productReference = 0579D4A1283CE459000BD93D /* Share.appex */;
			productType = "com.apple.product-type.app-extension";
		};
		05F1C8A4288AD07A00CD5F1E /* ReviewWidgetExtension */ = {
			isa = PBXNativeTarget;
			buildConfigurationList = 05F1C8B9288AD07B00CD5F1E /* Build configuration list for PBXNativeTarget "ReviewWidgetExtension" */;
			buildPhases = (
				05F1C8A1288AD07A00CD5F1E /* Sources */,
				05F1C8A2288AD07A00CD5F1E /* Frameworks */,
				05F1C8A3288AD07A00CD5F1E /* Resources */,
			);
			buildRules = (
			);
			dependencies = (
			);
			name = ReviewWidgetExtension;
			productName = ReviewWidgetExtension;
			productReference = 05F1C8A5288AD07A00CD5F1E /* ReviewWidgetExtension.appex */;
			productType = "com.apple.product-type.app-extension";
		};
/* End PBXNativeTarget section */

/* Begin PBXProject section */
		05266AAE28367DA9004693BC /* Project object */ = {
			isa = PBXProject;
			attributes = {
				BuildIndependentTargetsInParallel = 1;
				LastSwiftUpdateCheck = 1340;
				LastUpgradeCheck = 1330;
				TargetAttributes = {
					05266AB528367DA9004693BC = {
						CreatedOnToolsVersion = 13.3;
					};
					0543D0EB2870B3AC005807ED = {
						CreatedOnToolsVersion = 14.0;
						TestTargetID = 05266AB528367DA9004693BC;
					};
					05517F7F28720B74004FEEE1 = {
						CreatedOnToolsVersion = 13.4;
						TestTargetID = 05266AB528367DA9004693BC;
					};
					0579D4A0283CE459000BD93D = {
						CreatedOnToolsVersion = 13.3;
					};
					05F1C8A4288AD07A00CD5F1E = {
						CreatedOnToolsVersion = 13.4;
					};
				};
			};
			buildConfigurationList = 05266AB128367DA9004693BC /* Build configuration list for PBXProject "LeitnerBox" */;
			compatibilityVersion = "Xcode 13.0";
			developmentRegion = en;
			hasScannedForEncodings = 0;
			knownRegions = (
				en,
				Base,
			);
			mainGroup = 05266AAD28367DA9004693BC;
			productRefGroup = 05266AB728367DA9004693BC /* Products */;
			projectDirPath = "";
			projectRoot = "";
			targets = (
				05266AB528367DA9004693BC /* LeitnerBox */,
				0579D4A0283CE459000BD93D /* Share */,
				0543D0EB2870B3AC005807ED /* LeitnerBoxTests */,
				05517F7F28720B74004FEEE1 /* LeitnerBoxUITests */,
				05F1C8A4288AD07A00CD5F1E /* ReviewWidgetExtension */,
			);
		};
/* End PBXProject section */

/* Begin PBXResourcesBuildPhase section */
		05266AB428367DA9004693BC /* Resources */ = {
			isa = PBXResourcesBuildPhase;
			buildActionMask = 2147483647;
			files = (
				05534693283F6A96009A6029 /* README.md in Resources */,
				05266AC128367DAA004693BC /* Preview Assets.xcassets in Resources */,
				05266ABE28367DAA004693BC /* Assets.xcassets in Resources */,
			);
			runOnlyForDeploymentPostprocessing = 0;
		};
		0543D0EA2870B3AC005807ED /* Resources */ = {
			isa = PBXResourcesBuildPhase;
			buildActionMask = 2147483647;
			files = (
			);
			runOnlyForDeploymentPostprocessing = 0;
		};
		05517F7E28720B74004FEEE1 /* Resources */ = {
			isa = PBXResourcesBuildPhase;
			buildActionMask = 2147483647;
			files = (
			);
			runOnlyForDeploymentPostprocessing = 0;
		};
		0579D49F283CE459000BD93D /* Resources */ = {
			isa = PBXResourcesBuildPhase;
			buildActionMask = 2147483647;
			files = (
				0579D4A7283CE459000BD93D /* MainInterface.storyboard in Resources */,
			);
			runOnlyForDeploymentPostprocessing = 0;
		};
		05F1C8A3288AD07A00CD5F1E /* Resources */ = {
			isa = PBXResourcesBuildPhase;
			buildActionMask = 2147483647;
			files = (
				05F1C8AF288AD07B00CD5F1E /* Assets.xcassets in Resources */,
			);
			runOnlyForDeploymentPostprocessing = 0;
		};
/* End PBXResourcesBuildPhase section */

/* Begin PBXSourcesBuildPhase section */
		05266AB228367DA9004693BC /* Sources */ = {
			isa = PBXSourcesBuildPhase;
			buildActionMask = 2147483647;
			files = (
				052CA6AA283C944200376E79 /* FileManagerEX.swift in Sources */,
				05747C0128AE9DA800868CC6 /* SynonymViewModel.swift in Sources */,
				054E771E284A4C7D006BCDEF /* UIColorValueTransformer.swift in Sources */,
				05867E71283A469000F4A413 /* LevelEX.swift in Sources */,
				053666DC2837758F002F899F /* ViewExtension.swift in Sources */,
				052CA6EC283CE01800376E79 /* AppGroupLocalStorage.swift in Sources */,
				053666DE28377B5B002F899F /* CheckBoxView.swift in Sources */,
				05867E6D283A2A9100F4A413 /* RoundedCorner.swift in Sources */,
				05266AC328367DAA004693BC /* Persistence.swift in Sources */,
				05D032A72838F8D300FE67D5 /* CustomDialog.swift in Sources */,
				05F1C8B2288AD07B00CD5F1E /* ReviewWidget.intentdefinition in Sources */,
				05266ABC28367DA9004693BC /* LeitnerView.swift in Sources */,
				05D032A12838E2A900FE67D5 /* SearchRowView.swift in Sources */,
				05867E75283A63AA00F4A413 /* ReviewViewModel.swift in Sources */,
				05266ABA28367DA9004693BC /* LeitnerBoxApp.swift in Sources */,
				053666D2283769A1002F899F /* ReviewView.swift in Sources */,
				05D0329F2838DB2B00FE67D5 /* DateEx.swift in Sources */,
				058EA39428AF520E0080BDDF /* AddTagsView.swift in Sources */,
				05B80B642836979600390EF9 /* LevelsView.swift in Sources */,
				059D2DA728A527C600231E09 /* SplashScreen.swift in Sources */,
				05D032A52838E82C00FE67D5 /* SearchViewModel.swift in Sources */,
				053666E428378918002F899F /* ColorEx.swift in Sources */,
				0589DD4B284B4E6000EEB7A8 /* QuestionTagsView.swift in Sources */,
				053666E628378949002F899F /* UIColor.swift in Sources */,
				054E7722284A52FF006BCDEF /* TagView.swift in Sources */,
				05747C0328AED1EC00868CC6 /* QuestionSynonymsView.swift in Sources */,
				05BBC3E5284FB31E00477BF5 /* QuestionsInsideTagView.swift in Sources */,
				050D6DD22879EAFB0020BCDB /* QuestionViewModel.swift in Sources */,
				05266AC628367DAA004693BC /* LeitnerBox.xcdatamodeld in Sources */,
				054AB5C72839602C008BC840 /* LeitnerRowView.swift in Sources */,
				058EA39628AF59CA0080BDDF /* TopSheetTextEditorView.swift in Sources */,
				051B7DAE288B02C300465C24 /* WidgetQuestion.swift in Sources */,
				05867E6F283A334900F4A413 /* LevelsViewModel.swift in Sources */,
				05747BFC28AE82ED00868CC6 /* SynonymEX.swift in Sources */,
				059D2DA528A500F500231E09 /* LeitnerBox.docc in Sources */,
				05BAE2182837CCB50043FAEB /* SearchView.swift in Sources */,
				052CA6AC283C988F00376E79 /* ActivityViewControllerWrapper.swift in Sources */,
				054AB5C9283960A4008BC840 /* LeitnerViewModel.swift in Sources */,
				053666D728377420002F899F /* PrimaryTextField.swift in Sources */,
				054AB5C22839185E008BC840 /* LeitnerEX.swift in Sources */,
				05867E73283A480600F4A413 /* QuestionEX.swift in Sources */,
				054E7720284A523E006BCDEF /* TagEX.swift in Sources */,
				053666D42837714F002F899F /* AddOrEditQuestionView.swift in Sources */,
				054E7724284A544B006BCDEF /* TagRowView.swift in Sources */,
				051B7DAB288B00BC00465C24 /* UserDefaults.swift in Sources */,
				0531A606283FEEF70051EB13 /* TextEditorView.swift in Sources */,
				058343C12875DBA200AD0FF3 /* MyError.swift in Sources */,
				0545068F284A358C007EBAFA /* TagViewModel.swift in Sources */,
				05BAE2152837BA480043FAEB /* LevelRow.swift in Sources */,
				05E315C328A63AB100E020FC /* AnimatableGradientModifier.swift in Sources */,
				05747BFF28AE9D7B00868CC6 /* AddSynonymsView.swift in Sources */,
				052CBA492840BAA400544925 /* BoolEX.swift in Sources */,
				05D032A92838F8F100FE67D5 /* PrimaryCustomDialog.swift in Sources */,
				05B0891728466F7500BFE778 /* StringEX.swift in Sources */,
			);
			runOnlyForDeploymentPostprocessing = 0;
		};
		0543D0E82870B3AC005807ED /* Sources */ = {
			isa = PBXSourcesBuildPhase;
			buildActionMask = 2147483647;
			files = (
				058343C32875E45E00AD0FF3 /* MockNSManagedObjectContext.swift in Sources */,
				0565CA3C2876DAC40076F6F4 /* LevelViewModelTests.swift in Sources */,
				0565CA42287718D50076F6F4 /* ReviewViewModelTests.swift in Sources */,
				050D6DD42879EB220020BCDB /* QuestionViewModelTests.swift in Sources */,
				0543D0EF2870B3AC005807ED /* LeitnerViewModelTests.swift in Sources */,
				0565CA3E2876E79A0076F6F4 /* SearchViewModelTests.swift in Sources */,
				058343C52875E7DB00AD0FF3 /* TagViewModelTests.swift in Sources */,
			);
			runOnlyForDeploymentPostprocessing = 0;
		};
		05517F7C28720B74004FEEE1 /* Sources */ = {
			isa = PBXSourcesBuildPhase;
			buildActionMask = 2147483647;
			files = (
				05517F8528720B74004FEEE1 /* LeitnerBoxUITestsLaunchTests.swift in Sources */,
				05517F8328720B74004FEEE1 /* LeitnerBoxUITests.swift in Sources */,
			);
			runOnlyForDeploymentPostprocessing = 0;
		};
		0579D49D283CE459000BD93D /* Sources */ = {
			isa = PBXSourcesBuildPhase;
			buildActionMask = 2147483647;
			files = (
				0542761B283D5C1800F1044E /* FileManagerEX.swift in Sources */,
				0579D4B0283CE46F000BD93D /* ShareViewController.swift in Sources */,
				0579D4B1283CE855000BD93D /* AppGroupLocalStorage.swift in Sources */,
			);
			runOnlyForDeploymentPostprocessing = 0;
		};
		05F1C8A1288AD07A00CD5F1E /* Sources */ = {
			isa = PBXSourcesBuildPhase;
			buildActionMask = 2147483647;
			files = (
				051B7DA9288B006D00465C24 /* FileManagerEX.swift in Sources */,
				05F1C8B1288AD07B00CD5F1E /* ReviewWidget.intentdefinition in Sources */,
				051B7DAC288B00BC00465C24 /* UserDefaults.swift in Sources */,
				05F1C8AC288AD07A00CD5F1E /* ReviewWidget.swift in Sources */,
				051B7DAF288B02C300465C24 /* WidgetQuestion.swift in Sources */,
				051B7DA7288AFC8300465C24 /* LeitnerBox.xcdatamodeld in Sources */,
				051B7DA8288B005100465C24 /* AppGroupLocalStorage.swift in Sources */,
			);
			runOnlyForDeploymentPostprocessing = 0;
		};
/* End PBXSourcesBuildPhase section */

/* Begin PBXTargetDependency section */
		0543D0F12870B3AC005807ED /* PBXTargetDependency */ = {
			isa = PBXTargetDependency;
			target = 05266AB528367DA9004693BC /* LeitnerBox */;
			targetProxy = 0543D0F02870B3AC005807ED /* PBXContainerItemProxy */;
		};
		05517F8728720B74004FEEE1 /* PBXTargetDependency */ = {
			isa = PBXTargetDependency;
			target = 05266AB528367DA9004693BC /* LeitnerBox */;
			targetProxy = 05517F8628720B74004FEEE1 /* PBXContainerItemProxy */;
		};
		0579D4AA283CE459000BD93D /* PBXTargetDependency */ = {
			isa = PBXTargetDependency;
			platformFilter = ios;
			target = 0579D4A0283CE459000BD93D /* Share */;
			targetProxy = 0579D4A9283CE459000BD93D /* PBXContainerItemProxy */;
		};
		05F1C8B4288AD07B00CD5F1E /* PBXTargetDependency */ = {
			isa = PBXTargetDependency;
			target = 05F1C8A4288AD07A00CD5F1E /* ReviewWidgetExtension */;
			targetProxy = 05F1C8B3288AD07B00CD5F1E /* PBXContainerItemProxy */;
		};
/* End PBXTargetDependency section */

/* Begin PBXVariantGroup section */
		0579D4A5283CE459000BD93D /* MainInterface.storyboard */ = {
			isa = PBXVariantGroup;
			children = (
				0579D4A6283CE459000BD93D /* Base */,
			);
			name = MainInterface.storyboard;
			sourceTree = "<group>";
		};
/* End PBXVariantGroup section */

/* Begin XCBuildConfiguration section */
		05266AC728367DAA004693BC /* Debug */ = {
			isa = XCBuildConfiguration;
			buildSettings = {
				ALWAYS_SEARCH_USER_PATHS = NO;
				CLANG_ANALYZER_NONNULL = YES;
				CLANG_ANALYZER_NUMBER_OBJECT_CONVERSION = YES_AGGRESSIVE;
				CLANG_CXX_LANGUAGE_STANDARD = "gnu++17";
				CLANG_ENABLE_MODULES = YES;
				CLANG_ENABLE_OBJC_ARC = YES;
				CLANG_ENABLE_OBJC_WEAK = YES;
				CLANG_WARN_BLOCK_CAPTURE_AUTORELEASING = YES;
				CLANG_WARN_BOOL_CONVERSION = YES;
				CLANG_WARN_COMMA = YES;
				CLANG_WARN_CONSTANT_CONVERSION = YES;
				CLANG_WARN_DEPRECATED_OBJC_IMPLEMENTATIONS = YES;
				CLANG_WARN_DIRECT_OBJC_ISA_USAGE = YES_ERROR;
				CLANG_WARN_DOCUMENTATION_COMMENTS = YES;
				CLANG_WARN_EMPTY_BODY = YES;
				CLANG_WARN_ENUM_CONVERSION = YES;
				CLANG_WARN_INFINITE_RECURSION = YES;
				CLANG_WARN_INT_CONVERSION = YES;
				CLANG_WARN_NON_LITERAL_NULL_CONVERSION = YES;
				CLANG_WARN_OBJC_IMPLICIT_RETAIN_SELF = YES;
				CLANG_WARN_OBJC_LITERAL_CONVERSION = YES;
				CLANG_WARN_OBJC_ROOT_CLASS = YES_ERROR;
				CLANG_WARN_QUOTED_INCLUDE_IN_FRAMEWORK_HEADER = YES;
				CLANG_WARN_RANGE_LOOP_ANALYSIS = YES;
				CLANG_WARN_STRICT_PROTOTYPES = YES;
				CLANG_WARN_SUSPICIOUS_MOVE = YES;
				CLANG_WARN_UNGUARDED_AVAILABILITY = YES_AGGRESSIVE;
				CLANG_WARN_UNREACHABLE_CODE = YES;
				CLANG_WARN__DUPLICATE_METHOD_MATCH = YES;
				COPY_PHASE_STRIP = NO;
				DEBUG_INFORMATION_FORMAT = dwarf;
				ENABLE_STRICT_OBJC_MSGSEND = YES;
				ENABLE_TESTABILITY = YES;
				GCC_C_LANGUAGE_STANDARD = gnu11;
				GCC_DYNAMIC_NO_PIC = NO;
				GCC_NO_COMMON_BLOCKS = YES;
				GCC_OPTIMIZATION_LEVEL = 0;
				GCC_PREPROCESSOR_DEFINITIONS = (
					"DEBUG=1",
					"$(inherited)",
				);
				GCC_WARN_64_TO_32_BIT_CONVERSION = YES;
				GCC_WARN_ABOUT_RETURN_TYPE = YES_ERROR;
				GCC_WARN_UNDECLARED_SELECTOR = YES;
				GCC_WARN_UNINITIALIZED_AUTOS = YES_AGGRESSIVE;
				GCC_WARN_UNUSED_FUNCTION = YES;
				GCC_WARN_UNUSED_VARIABLE = YES;
				IPHONEOS_DEPLOYMENT_TARGET = 15.4;
				MTL_ENABLE_DEBUG_INFO = INCLUDE_SOURCE;
				MTL_FAST_MATH = YES;
				ONLY_ACTIVE_ARCH = YES;
				SDKROOT = iphoneos;
				SWIFT_ACTIVE_COMPILATION_CONDITIONS = DEBUG;
				SWIFT_OPTIMIZATION_LEVEL = "-Onone";
			};
			name = Debug;
		};
		05266AC828367DAA004693BC /* Release */ = {
			isa = XCBuildConfiguration;
			buildSettings = {
				ALWAYS_SEARCH_USER_PATHS = NO;
				CLANG_ANALYZER_NONNULL = YES;
				CLANG_ANALYZER_NUMBER_OBJECT_CONVERSION = YES_AGGRESSIVE;
				CLANG_CXX_LANGUAGE_STANDARD = "gnu++17";
				CLANG_ENABLE_MODULES = YES;
				CLANG_ENABLE_OBJC_ARC = YES;
				CLANG_ENABLE_OBJC_WEAK = YES;
				CLANG_WARN_BLOCK_CAPTURE_AUTORELEASING = YES;
				CLANG_WARN_BOOL_CONVERSION = YES;
				CLANG_WARN_COMMA = YES;
				CLANG_WARN_CONSTANT_CONVERSION = YES;
				CLANG_WARN_DEPRECATED_OBJC_IMPLEMENTATIONS = YES;
				CLANG_WARN_DIRECT_OBJC_ISA_USAGE = YES_ERROR;
				CLANG_WARN_DOCUMENTATION_COMMENTS = YES;
				CLANG_WARN_EMPTY_BODY = YES;
				CLANG_WARN_ENUM_CONVERSION = YES;
				CLANG_WARN_INFINITE_RECURSION = YES;
				CLANG_WARN_INT_CONVERSION = YES;
				CLANG_WARN_NON_LITERAL_NULL_CONVERSION = YES;
				CLANG_WARN_OBJC_IMPLICIT_RETAIN_SELF = YES;
				CLANG_WARN_OBJC_LITERAL_CONVERSION = YES;
				CLANG_WARN_OBJC_ROOT_CLASS = YES_ERROR;
				CLANG_WARN_QUOTED_INCLUDE_IN_FRAMEWORK_HEADER = YES;
				CLANG_WARN_RANGE_LOOP_ANALYSIS = YES;
				CLANG_WARN_STRICT_PROTOTYPES = YES;
				CLANG_WARN_SUSPICIOUS_MOVE = YES;
				CLANG_WARN_UNGUARDED_AVAILABILITY = YES_AGGRESSIVE;
				CLANG_WARN_UNREACHABLE_CODE = YES;
				CLANG_WARN__DUPLICATE_METHOD_MATCH = YES;
				COPY_PHASE_STRIP = NO;
				DEBUG_INFORMATION_FORMAT = "dwarf-with-dsym";
				ENABLE_NS_ASSERTIONS = NO;
				ENABLE_STRICT_OBJC_MSGSEND = YES;
				GCC_C_LANGUAGE_STANDARD = gnu11;
				GCC_NO_COMMON_BLOCKS = YES;
				GCC_WARN_64_TO_32_BIT_CONVERSION = YES;
				GCC_WARN_ABOUT_RETURN_TYPE = YES_ERROR;
				GCC_WARN_UNDECLARED_SELECTOR = YES;
				GCC_WARN_UNINITIALIZED_AUTOS = YES_AGGRESSIVE;
				GCC_WARN_UNUSED_FUNCTION = YES;
				GCC_WARN_UNUSED_VARIABLE = YES;
				IPHONEOS_DEPLOYMENT_TARGET = 15.4;
				MTL_ENABLE_DEBUG_INFO = NO;
				MTL_FAST_MATH = YES;
				SDKROOT = iphoneos;
				SWIFT_COMPILATION_MODE = wholemodule;
				SWIFT_OPTIMIZATION_LEVEL = "-O";
				VALIDATE_PRODUCT = YES;
			};
			name = Release;
		};
		05266ACA28367DAA004693BC /* Debug */ = {
			isa = XCBuildConfiguration;
			buildSettings = {
				ALWAYS_EMBED_SWIFT_STANDARD_LIBRARIES = YES;
				ASSETCATALOG_COMPILER_APPICON_NAME = AppIcon;
				ASSETCATALOG_COMPILER_GLOBAL_ACCENT_COLOR_NAME = AccentColor;
				CODE_SIGN_ENTITLEMENTS = LeitnerBox/LeitnerBox.entitlements;
				CODE_SIGN_STYLE = Automatic;
				CURRENT_PROJECT_VERSION = 1;
				DEVELOPMENT_ASSET_PATHS = "\"LeitnerBox/Preview Content\"";
				DEVELOPMENT_TEAM = 7QN43D38LP;
				ENABLE_PREVIEWS = YES;
				GENERATE_INFOPLIST_FILE = YES;
				INFOPLIST_FILE = LeitnerBox/Info.plist;
				INFOPLIST_KEY_UIApplicationSceneManifest_Generation = YES;
				INFOPLIST_KEY_UIApplicationSupportsIndirectInputEvents = YES;
				INFOPLIST_KEY_UILaunchScreen_Generation = YES;
				INFOPLIST_KEY_UISupportedInterfaceOrientations_iPad = "UIInterfaceOrientationPortrait UIInterfaceOrientationPortraitUpsideDown UIInterfaceOrientationLandscapeLeft UIInterfaceOrientationLandscapeRight";
				INFOPLIST_KEY_UISupportedInterfaceOrientations_iPhone = "UIInterfaceOrientationPortrait UIInterfaceOrientationLandscapeLeft UIInterfaceOrientationLandscapeRight";
				LD_RUNPATH_SEARCH_PATHS = (
					"$(inherited)",
					"@executable_path/Frameworks",
				);
				MARKETING_VERSION = 1.0;
				PRODUCT_BUNDLE_IDENTIFIER = ir.amozkade.LeitnerBox;
				PRODUCT_NAME = "$(TARGET_NAME)";
				SUPPORTS_MACCATALYST = YES;
				SWIFT_EMIT_LOC_STRINGS = YES;
				SWIFT_VERSION = 5.0;
				TARGETED_DEVICE_FAMILY = "1,2";
			};
			name = Debug;
		};
		05266ACB28367DAA004693BC /* Release */ = {
			isa = XCBuildConfiguration;
			buildSettings = {
				ALWAYS_EMBED_SWIFT_STANDARD_LIBRARIES = YES;
				ASSETCATALOG_COMPILER_APPICON_NAME = AppIcon;
				ASSETCATALOG_COMPILER_GLOBAL_ACCENT_COLOR_NAME = AccentColor;
				CODE_SIGN_ENTITLEMENTS = LeitnerBox/LeitnerBox.entitlements;
				CODE_SIGN_STYLE = Automatic;
				CURRENT_PROJECT_VERSION = 1;
				DEVELOPMENT_ASSET_PATHS = "\"LeitnerBox/Preview Content\"";
				DEVELOPMENT_TEAM = 7QN43D38LP;
				ENABLE_PREVIEWS = YES;
				GENERATE_INFOPLIST_FILE = YES;
				INFOPLIST_FILE = LeitnerBox/Info.plist;
				INFOPLIST_KEY_UIApplicationSceneManifest_Generation = YES;
				INFOPLIST_KEY_UIApplicationSupportsIndirectInputEvents = YES;
				INFOPLIST_KEY_UILaunchScreen_Generation = YES;
				INFOPLIST_KEY_UISupportedInterfaceOrientations_iPad = "UIInterfaceOrientationPortrait UIInterfaceOrientationPortraitUpsideDown UIInterfaceOrientationLandscapeLeft UIInterfaceOrientationLandscapeRight";
				INFOPLIST_KEY_UISupportedInterfaceOrientations_iPhone = "UIInterfaceOrientationPortrait UIInterfaceOrientationLandscapeLeft UIInterfaceOrientationLandscapeRight";
				LD_RUNPATH_SEARCH_PATHS = (
					"$(inherited)",
					"@executable_path/Frameworks",
				);
				MARKETING_VERSION = 1.0;
				PRODUCT_BUNDLE_IDENTIFIER = ir.amozkade.LeitnerBox;
				PRODUCT_NAME = "$(TARGET_NAME)";
				SUPPORTS_MACCATALYST = YES;
				SWIFT_EMIT_LOC_STRINGS = YES;
				SWIFT_VERSION = 5.0;
				TARGETED_DEVICE_FAMILY = "1,2";
			};
			name = Release;
		};
		0543D0F22870B3AC005807ED /* Debug */ = {
			isa = XCBuildConfiguration;
			buildSettings = {
				BUNDLE_LOADER = "$(TEST_HOST)";
				CODE_SIGN_STYLE = Automatic;
				CURRENT_PROJECT_VERSION = 1;
				DEVELOPMENT_TEAM = 7QN43D38LP;
				GENERATE_INFOPLIST_FILE = YES;
				IPHONEOS_DEPLOYMENT_TARGET = 15.4;
				MARKETING_VERSION = 1.0;
				PRODUCT_BUNDLE_IDENTIFIER = ir.amozkade.LeitnerBoxTests;
				PRODUCT_NAME = "$(TARGET_NAME)";
				SWIFT_EMIT_LOC_STRINGS = NO;
				SWIFT_VERSION = 5.0;
				TARGETED_DEVICE_FAMILY = "1,2";
				TEST_HOST = "$(BUILT_PRODUCTS_DIR)/LeitnerBox.app/LeitnerBox";
			};
			name = Debug;
		};
		0543D0F32870B3AC005807ED /* Release */ = {
			isa = XCBuildConfiguration;
			buildSettings = {
				BUNDLE_LOADER = "$(TEST_HOST)";
				CODE_SIGN_STYLE = Automatic;
				CURRENT_PROJECT_VERSION = 1;
				DEVELOPMENT_TEAM = 7QN43D38LP;
				GENERATE_INFOPLIST_FILE = YES;
				IPHONEOS_DEPLOYMENT_TARGET = 15.4;
				MARKETING_VERSION = 1.0;
				PRODUCT_BUNDLE_IDENTIFIER = ir.amozkade.LeitnerBoxTests;
				PRODUCT_NAME = "$(TARGET_NAME)";
				SWIFT_EMIT_LOC_STRINGS = NO;
				SWIFT_VERSION = 5.0;
				TARGETED_DEVICE_FAMILY = "1,2";
				TEST_HOST = "$(BUILT_PRODUCTS_DIR)/LeitnerBox.app/LeitnerBox";
			};
			name = Release;
		};
		05517F8828720B74004FEEE1 /* Debug */ = {
			isa = XCBuildConfiguration;
			buildSettings = {
				CODE_SIGN_STYLE = Automatic;
				CURRENT_PROJECT_VERSION = 1;
				DEVELOPMENT_TEAM = 7QN43D38LP;
				GENERATE_INFOPLIST_FILE = YES;
				IPHONEOS_DEPLOYMENT_TARGET = 15.5;
				MARKETING_VERSION = 1.0;
				PRODUCT_BUNDLE_IDENTIFIER = ir.amozkade.LeitnerBoxUITests;
				PRODUCT_NAME = "$(TARGET_NAME)";
				SWIFT_EMIT_LOC_STRINGS = NO;
				SWIFT_VERSION = 5.0;
				TARGETED_DEVICE_FAMILY = "1,2";
				TEST_TARGET_NAME = LeitnerBox;
			};
			name = Debug;
		};
		05517F8928720B74004FEEE1 /* Release */ = {
			isa = XCBuildConfiguration;
			buildSettings = {
				CODE_SIGN_STYLE = Automatic;
				CURRENT_PROJECT_VERSION = 1;
				DEVELOPMENT_TEAM = 7QN43D38LP;
				GENERATE_INFOPLIST_FILE = YES;
				IPHONEOS_DEPLOYMENT_TARGET = 15.5;
				MARKETING_VERSION = 1.0;
				PRODUCT_BUNDLE_IDENTIFIER = ir.amozkade.LeitnerBoxUITests;
				PRODUCT_NAME = "$(TARGET_NAME)";
				SWIFT_EMIT_LOC_STRINGS = NO;
				SWIFT_VERSION = 5.0;
				TARGETED_DEVICE_FAMILY = "1,2";
				TEST_TARGET_NAME = LeitnerBox;
			};
			name = Release;
		};
		0579D4AD283CE459000BD93D /* Debug */ = {
			isa = XCBuildConfiguration;
			buildSettings = {
				CODE_SIGN_ENTITLEMENTS = Share/Share.entitlements;
				CODE_SIGN_STYLE = Automatic;
				CURRENT_PROJECT_VERSION = 1;
				DEVELOPMENT_TEAM = 7QN43D38LP;
				GENERATE_INFOPLIST_FILE = YES;
				INFOPLIST_FILE = Share/Info.plist;
				INFOPLIST_KEY_CFBundleDisplayName = Share;
				INFOPLIST_KEY_NSHumanReadableCopyright = "";
				LD_RUNPATH_SEARCH_PATHS = (
					"$(inherited)",
					"@executable_path/Frameworks",
					"@executable_path/../../Frameworks",
				);
				MARKETING_VERSION = 1.0;
				PRODUCT_BUNDLE_IDENTIFIER = ir.amozkade.LeitnerBox.Share;
				PRODUCT_NAME = "$(TARGET_NAME)";
				SKIP_INSTALL = YES;
				SUPPORTS_MACCATALYST = YES;
				SWIFT_EMIT_LOC_STRINGS = YES;
				SWIFT_VERSION = 5.0;
				TARGETED_DEVICE_FAMILY = "1,2";
			};
			name = Debug;
		};
		0579D4AE283CE459000BD93D /* Release */ = {
			isa = XCBuildConfiguration;
			buildSettings = {
				CODE_SIGN_ENTITLEMENTS = Share/Share.entitlements;
				CODE_SIGN_STYLE = Automatic;
				CURRENT_PROJECT_VERSION = 1;
				DEVELOPMENT_TEAM = 7QN43D38LP;
				GENERATE_INFOPLIST_FILE = YES;
				INFOPLIST_FILE = Share/Info.plist;
				INFOPLIST_KEY_CFBundleDisplayName = Share;
				INFOPLIST_KEY_NSHumanReadableCopyright = "";
				LD_RUNPATH_SEARCH_PATHS = (
					"$(inherited)",
					"@executable_path/Frameworks",
					"@executable_path/../../Frameworks",
				);
				MARKETING_VERSION = 1.0;
				PRODUCT_BUNDLE_IDENTIFIER = ir.amozkade.LeitnerBox.Share;
				PRODUCT_NAME = "$(TARGET_NAME)";
				SKIP_INSTALL = YES;
				SUPPORTS_MACCATALYST = YES;
				SWIFT_EMIT_LOC_STRINGS = YES;
				SWIFT_VERSION = 5.0;
				TARGETED_DEVICE_FAMILY = "1,2";
			};
			name = Release;
		};
		05F1C8B7288AD07B00CD5F1E /* Debug */ = {
			isa = XCBuildConfiguration;
			buildSettings = {
				ASSETCATALOG_COMPILER_GLOBAL_ACCENT_COLOR_NAME = AccentColor;
				ASSETCATALOG_COMPILER_WIDGET_BACKGROUND_COLOR_NAME = WidgetBackground;
				CODE_SIGN_ENTITLEMENTS = ReviewWidgetExtension.entitlements;
				CODE_SIGN_STYLE = Automatic;
				CURRENT_PROJECT_VERSION = 1;
				DEVELOPMENT_TEAM = 7QN43D38LP;
				GENERATE_INFOPLIST_FILE = YES;
				INFOPLIST_FILE = ReviewWidget/Info.plist;
				INFOPLIST_KEY_CFBundleDisplayName = ReviewWidget;
				INFOPLIST_KEY_NSHumanReadableCopyright = "";
				IPHONEOS_DEPLOYMENT_TARGET = 15.5;
				LD_RUNPATH_SEARCH_PATHS = (
					"$(inherited)",
					"@executable_path/Frameworks",
					"@executable_path/../../Frameworks",
				);
				MARKETING_VERSION = 1.0;
				PRODUCT_BUNDLE_IDENTIFIER = ir.amozkade.LeitnerBox.NewReviewWidget;
				PRODUCT_NAME = "$(TARGET_NAME)";
				SKIP_INSTALL = YES;
				SUPPORTS_MACCATALYST = YES;
				SWIFT_EMIT_LOC_STRINGS = YES;
				SWIFT_VERSION = 5.0;
				TARGETED_DEVICE_FAMILY = "1,2";
			};
			name = Debug;
		};
		05F1C8B8288AD07B00CD5F1E /* Release */ = {
			isa = XCBuildConfiguration;
			buildSettings = {
				ASSETCATALOG_COMPILER_GLOBAL_ACCENT_COLOR_NAME = AccentColor;
				ASSETCATALOG_COMPILER_WIDGET_BACKGROUND_COLOR_NAME = WidgetBackground;
				CODE_SIGN_ENTITLEMENTS = ReviewWidgetExtension.entitlements;
				CODE_SIGN_STYLE = Automatic;
				CURRENT_PROJECT_VERSION = 1;
				DEVELOPMENT_TEAM = 7QN43D38LP;
				GENERATE_INFOPLIST_FILE = YES;
				INFOPLIST_FILE = ReviewWidget/Info.plist;
				INFOPLIST_KEY_CFBundleDisplayName = ReviewWidget;
				INFOPLIST_KEY_NSHumanReadableCopyright = "";
				IPHONEOS_DEPLOYMENT_TARGET = 15.5;
				LD_RUNPATH_SEARCH_PATHS = (
					"$(inherited)",
					"@executable_path/Frameworks",
					"@executable_path/../../Frameworks",
				);
				MARKETING_VERSION = 1.0;
				PRODUCT_BUNDLE_IDENTIFIER = ir.amozkade.LeitnerBox.NewReviewWidget;
				PRODUCT_NAME = "$(TARGET_NAME)";
				SKIP_INSTALL = YES;
				SUPPORTS_MACCATALYST = YES;
				SWIFT_EMIT_LOC_STRINGS = YES;
				SWIFT_VERSION = 5.0;
				TARGETED_DEVICE_FAMILY = "1,2";
			};
			name = Release;
		};
/* End XCBuildConfiguration section */

/* Begin XCConfigurationList section */
		05266AB128367DA9004693BC /* Build configuration list for PBXProject "LeitnerBox" */ = {
			isa = XCConfigurationList;
			buildConfigurations = (
				05266AC728367DAA004693BC /* Debug */,
				05266AC828367DAA004693BC /* Release */,
			);
			defaultConfigurationIsVisible = 0;
			defaultConfigurationName = Release;
		};
		05266AC928367DAA004693BC /* Build configuration list for PBXNativeTarget "LeitnerBox" */ = {
			isa = XCConfigurationList;
			buildConfigurations = (
				05266ACA28367DAA004693BC /* Debug */,
				05266ACB28367DAA004693BC /* Release */,
			);
			defaultConfigurationIsVisible = 0;
			defaultConfigurationName = Release;
		};
		0543D0F42870B3AC005807ED /* Build configuration list for PBXNativeTarget "LeitnerBoxTests" */ = {
			isa = XCConfigurationList;
			buildConfigurations = (
				0543D0F22870B3AC005807ED /* Debug */,
				0543D0F32870B3AC005807ED /* Release */,
			);
			defaultConfigurationIsVisible = 0;
			defaultConfigurationName = Release;
		};
		05517F8A28720B74004FEEE1 /* Build configuration list for PBXNativeTarget "LeitnerBoxUITests" */ = {
			isa = XCConfigurationList;
			buildConfigurations = (
				05517F8828720B74004FEEE1 /* Debug */,
				05517F8928720B74004FEEE1 /* Release */,
			);
			defaultConfigurationIsVisible = 0;
			defaultConfigurationName = Release;
		};
		0579D4AC283CE459000BD93D /* Build configuration list for PBXNativeTarget "Share" */ = {
			isa = XCConfigurationList;
			buildConfigurations = (
				0579D4AD283CE459000BD93D /* Debug */,
				0579D4AE283CE459000BD93D /* Release */,
			);
			defaultConfigurationIsVisible = 0;
			defaultConfigurationName = Release;
		};
		05F1C8B9288AD07B00CD5F1E /* Build configuration list for PBXNativeTarget "ReviewWidgetExtension" */ = {
			isa = XCConfigurationList;
			buildConfigurations = (
				05F1C8B7288AD07B00CD5F1E /* Debug */,
				05F1C8B8288AD07B00CD5F1E /* Release */,
			);
			defaultConfigurationIsVisible = 0;
			defaultConfigurationName = Release;
		};
/* End XCConfigurationList section */

/* Begin XCVersionGroup section */
		05266AC428367DAA004693BC /* LeitnerBox.xcdatamodeld */ = {
			isa = XCVersionGroup;
			children = (
				05266AC528367DAA004693BC /* LeitnerBox.xcdatamodel */,
			);
			currentVersion = 05266AC528367DAA004693BC /* LeitnerBox.xcdatamodel */;
			path = LeitnerBox.xcdatamodeld;
			sourceTree = "<group>";
			versionGroupType = wrapper.xcdatamodel;
		};
/* End XCVersionGroup section */
	};
	rootObject = 05266AAE28367DA9004693BC /* Project object */;
}
