// !$*UTF8*$!
{
	archiveVersion = 1;
	classes = {
	};
	objectVersion = 55;
	objects = {

/* Begin PBXBuildFile section */
		05266ABA28367DA9004693BC /* LeitnerBoxApp.swift in Sources */ = {isa = PBXBuildFile; fileRef = 05266AB928367DA9004693BC /* LeitnerBoxApp.swift */; };
		05266AC328367DAA004693BC /* Persistence.swift in Sources */ = {isa = PBXBuildFile; fileRef = 05266AC228367DAA004693BC /* Persistence.swift */; };
		05ECC8A029B0A7390092782E /* MigrationPolicyV1_V2.swift in Sources */ = {isa = PBXBuildFile; fileRef = 05ECC89F29B0A7390092782E /* MigrationPolicyV1_V2.swift */; };
		05ECC8B029B0F6000092782E /* LeitnerBox.xcdatamodeld in Sources */ = {isa = PBXBuildFile; fileRef = 05ECC8AE29B0F6000092782E /* LeitnerBox.xcdatamodeld */; };
		05ECC8C229B0FC400092782E /* Question+CoreDataClass.swift in Sources */ = {isa = PBXBuildFile; fileRef = 05ECC8C029B0FC400092782E /* Question+CoreDataClass.swift */; };
		05ECC8C329B0FC400092782E /* Question+CoreDataProperties.swift in Sources */ = {isa = PBXBuildFile; fileRef = 05ECC8C129B0FC400092782E /* Question+CoreDataProperties.swift */; };
		05ECC8CB29B102CB0092782E /* MappingModel_V1_V2.xcmappingmodel in Sources */ = {isa = PBXBuildFile; fileRef = 05ECC8CA29B102CB0092782E /* MappingModel_V1_V2.xcmappingmodel */; };
/* End PBXBuildFile section */

/* Begin PBXCopyFilesBuildPhase section */
		052CA6BF283C9A9500376E79 /* Embed Foundation Extensions */ = {
			isa = PBXCopyFilesBuildPhase;
			buildActionMask = 2147483647;
			dstPath = "";
			dstSubfolderSpec = 13;
			files = (
			);
			name = "Embed Foundation Extensions";
			runOnlyForDeploymentPostprocessing = 0;
		};
/* End PBXCopyFilesBuildPhase section */

/* Begin PBXFileReference section */
		05266AB628367DA9004693BC /* LeitnerBox.app */ = {isa = PBXFileReference; explicitFileType = wrapper.application; includeInIndex = 0; path = LeitnerBox.app; sourceTree = BUILT_PRODUCTS_DIR; };
		05266AB928367DA9004693BC /* LeitnerBoxApp.swift */ = {isa = PBXFileReference; lastKnownFileType = sourcecode.swift; path = LeitnerBoxApp.swift; sourceTree = "<group>"; };
		05266AC228367DAA004693BC /* Persistence.swift */ = {isa = PBXFileReference; lastKnownFileType = sourcecode.swift; path = Persistence.swift; sourceTree = "<group>"; };
		052CA6D8283C9E2E00376E79 /* UniformTypeIdentifiers.framework */ = {isa = PBXFileReference; lastKnownFileType = wrapper.framework; name = UniformTypeIdentifiers.framework; path = System/Library/Frameworks/UniformTypeIdentifiers.framework; sourceTree = SDKROOT; };
		05ECC89F29B0A7390092782E /* MigrationPolicyV1_V2.swift */ = {isa = PBXFileReference; lastKnownFileType = sourcecode.swift; path = MigrationPolicyV1_V2.swift; sourceTree = "<group>"; };
		05ECC8AF29B0F6000092782E /* LeitnerBox.xcdatamodel */ = {isa = PBXFileReference; lastKnownFileType = wrapper.xcdatamodel; path = LeitnerBox.xcdatamodel; sourceTree = "<group>"; };
		05ECC8B529B0F79E0092782E /* LeitnerBoxV2.xcdatamodel */ = {isa = PBXFileReference; lastKnownFileType = wrapper.xcdatamodel; path = LeitnerBoxV2.xcdatamodel; sourceTree = "<group>"; };
		05ECC8C029B0FC400092782E /* Question+CoreDataClass.swift */ = {isa = PBXFileReference; lastKnownFileType = sourcecode.swift; path = "Question+CoreDataClass.swift"; sourceTree = "<group>"; };
		05ECC8C129B0FC400092782E /* Question+CoreDataProperties.swift */ = {isa = PBXFileReference; lastKnownFileType = sourcecode.swift; path = "Question+CoreDataProperties.swift"; sourceTree = "<group>"; };
		05ECC8CA29B102CB0092782E /* MappingModel_V1_V2.xcmappingmodel */ = {isa = PBXFileReference; lastKnownFileType = wrapper.xcmappingmodel; path = MappingModel_V1_V2.xcmappingmodel; sourceTree = "<group>"; };
		05F1C8A6288AD07A00CD5F1E /* WidgetKit.framework */ = {isa = PBXFileReference; lastKnownFileType = wrapper.framework; name = WidgetKit.framework; path = System/Library/Frameworks/WidgetKit.framework; sourceTree = SDKROOT; };
		05F1C8A8288AD07A00CD5F1E /* SwiftUI.framework */ = {isa = PBXFileReference; lastKnownFileType = wrapper.framework; name = SwiftUI.framework; path = System/Library/Frameworks/SwiftUI.framework; sourceTree = SDKROOT; };
/* End PBXFileReference section */

/* Begin PBXFrameworksBuildPhase section */
		05266AB328367DA9004693BC /* Frameworks */ = {
			isa = PBXFrameworksBuildPhase;
			buildActionMask = 2147483647;
			files = (
			);
			runOnlyForDeploymentPostprocessing = 0;
		};
/* End PBXFrameworksBuildPhase section */

/* Begin PBXGroup section */
		05266AAD28367DA9004693BC = {
			isa = PBXGroup;
			children = (
				05266AB828367DA9004693BC /* LeitnerBox */,
				052CA6D7283C9E2E00376E79 /* Frameworks */,
				05266AB728367DA9004693BC /* Products */,
			);
			sourceTree = "<group>";
		};
		05266AB728367DA9004693BC /* Products */ = {
			isa = PBXGroup;
			children = (
				05266AB628367DA9004693BC /* LeitnerBox.app */,
			);
			name = Products;
			sourceTree = "<group>";
		};
		05266AB828367DA9004693BC /* LeitnerBox */ = {
			isa = PBXGroup;
			children = (
				05266AB928367DA9004693BC /* LeitnerBoxApp.swift */,
				05266AC228367DAA004693BC /* Persistence.swift */,
				05ECC89F29B0A7390092782E /* MigrationPolicyV1_V2.swift */,
				05ECC8C029B0FC400092782E /* Question+CoreDataClass.swift */,
				05ECC8C129B0FC400092782E /* Question+CoreDataProperties.swift */,
				05ECC8AE29B0F6000092782E /* LeitnerBox.xcdatamodeld */,
				05ECC8CA29B102CB0092782E /* MappingModel_V1_V2.xcmappingmodel */,
			);
			path = LeitnerBox;
			sourceTree = "<group>";
		};
		052CA6D7283C9E2E00376E79 /* Frameworks */ = {
			isa = PBXGroup;
			children = (
				052CA6D8283C9E2E00376E79 /* UniformTypeIdentifiers.framework */,
				05F1C8A6288AD07A00CD5F1E /* WidgetKit.framework */,
				05F1C8A8288AD07A00CD5F1E /* SwiftUI.framework */,
			);
			name = Frameworks;
			sourceTree = "<group>";
		};
/* End PBXGroup section */

/* Begin PBXNativeTarget section */
		05266AB528367DA9004693BC /* LeitnerBox */ = {
			isa = PBXNativeTarget;
			buildConfigurationList = 05266AC928367DAA004693BC /* Build configuration list for PBXNativeTarget "LeitnerBox" */;
			buildPhases = (
				05266AB228367DA9004693BC /* Sources */,
				05266AB328367DA9004693BC /* Frameworks */,
				05266AB428367DA9004693BC /* Resources */,
				052CA6BF283C9A9500376E79 /* Embed Foundation Extensions */,
				051E106B2911292900F990BD /* SwiftLint */,
				05A9438529557FBE003657DB /* SwiftFormat */,
			);
			buildRules = (
			);
			dependencies = (
			);
			name = LeitnerBox;
			productName = LeitnerBox;
			productReference = 05266AB628367DA9004693BC /* LeitnerBox.app */;
			productType = "com.apple.product-type.application";
		};
/* End PBXNativeTarget section */

/* Begin PBXProject section */
		05266AAE28367DA9004693BC /* Project object */ = {
			isa = PBXProject;
			attributes = {
				BuildIndependentTargetsInParallel = 1;
				LastSwiftUpdateCheck = 1330;
				LastUpgradeCheck = 1410;
				TargetAttributes = {
					05266AB528367DA9004693BC = {
						CreatedOnToolsVersion = 13.3;
					};
				};
			};
			buildConfigurationList = 05266AB128367DA9004693BC /* Build configuration list for PBXProject "LeitnerBox" */;
			compatibilityVersion = "Xcode 13.0";
			developmentRegion = en;
			hasScannedForEncodings = 0;
			knownRegions = (
				en,
				Base,
			);
			mainGroup = 05266AAD28367DA9004693BC;
			productRefGroup = 05266AB728367DA9004693BC /* Products */;
			projectDirPath = "";
			projectRoot = "";
			targets = (
				05266AB528367DA9004693BC /* LeitnerBox */,
			);
		};
/* End PBXProject section */

/* Begin PBXResourcesBuildPhase section */
		05266AB428367DA9004693BC /* Resources */ = {
			isa = PBXResourcesBuildPhase;
			buildActionMask = 2147483647;
			files = (
			);
			runOnlyForDeploymentPostprocessing = 0;
		};
/* End PBXResourcesBuildPhase section */

/* Begin PBXShellScriptBuildPhase section */
		051E106B2911292900F990BD /* SwiftLint */ = {
			isa = PBXShellScriptBuildPhase;
			alwaysOutOfDate = 1;
			buildActionMask = 12;
			files = (
			);
			inputFileListPaths = (
			);
			inputPaths = (
			);
			name = SwiftLint;
			outputFileListPaths = (
			);
			outputPaths = (
			);
			runOnlyForDeploymentPostprocessing = 0;
			shellPath = /bin/sh;
			shellScript = "#if [ -x \"$(command -v swiftlint)\" ] && [ \"$IS_CONTINUOUS_INTEGRATION\" != \"1\" ]; \n# then\n#     echo \"Start linting on with build phase xproject script.\"\n#    APP_PATH=\"/Users/hamed/Desktop/Workspace/ios/LeitnerBox/LeitnerBox/\"\n#    swiftlint --config \"${APP_PATH}.swiftlint.yml\" \"${APP_PATH}/LeitnerBox\"\n#    swiftlint --config \"${APP_PATH}.swiftlint.yml\" \"${APP_PATH}/Share\"\n#    swiftlint --config \"${APP_PATH}.swiftlint.yml\" \"${APP_PATH}/ReviewWidget\"\n#    swiftlint --config \"${APP_PATH}.swiftlint.yml\" \"${APP_PATH}/LeitnerBoxTests\"\n# elif [ \"$IS_CONTINUOUS_INTEGRATION\" = \"1\" ];\n# then\n#     echo \"Not linting in CI with xproject build phase script.\"\n# elif ! [ -x \"$(command -v swiftlint)\" ]; \n# then\n#    echo \"warning: SwiftLint not installed, download from https://github.com/realm/SwiftLint\"\n# fi\n";
		};
		05A9438529557FBE003657DB /* SwiftFormat */ = {
			isa = PBXShellScriptBuildPhase;
			alwaysOutOfDate = 1;
			buildActionMask = 2147483647;
			files = (
			);
			inputFileListPaths = (
			);
			inputPaths = (
			);
			name = SwiftFormat;
			outputFileListPaths = (
			);
			outputPaths = (
			);
			runOnlyForDeploymentPostprocessing = 0;
			shellPath = /bin/sh;
			shellScript = "# if [ -x \"$(command -v swiftformat)\" ] && [ \"$IS_CONTINUOUS_INTEGRATION\" != \"1\" ];\n# then\n#     echo \"Start formatting with swiftformat build phase xproject script.\"\n#    swiftformat --swiftversion 5.6 /Users/hamed/Desktop/Workspace/ios/LeitnerBox/LeitnerBox/LeitnerBox\n#    swiftformat --swiftversion 5.6 /Users/hamed/Desktop/Workspace/ios/LeitnerBox/LeitnerBox/LeitnerBoxTests\n#    swiftformat --swiftversion 5.6 /Users/hamed/Desktop/Workspace/ios/LeitnerBox/LeitnerBox/ReviewWidget\n#    swiftformat --swiftversion 5.6 /Users/hamed/Desktop/Workspace/ios/LeitnerBox/LeitnerBox/Share\n# elif [ \"$IS_CONTINUOUS_INTEGRATION\" = \"1\" ];\n# then\n#     echo \"Not formatting with swiftformat in CI with xproject build phase script.\"\n# elif ! [ -x \"$(command -v swiftformat)\" ]; \n# then\n#    echo \"warning: SwiftFormat not installed, download from https://github.com/nicklockwood/SwiftFormat\"\n# fi\n";
		};
/* End PBXShellScriptBuildPhase section */

/* Begin PBXSourcesBuildPhase section */
		05266AB228367DA9004693BC /* Sources */ = {
			isa = PBXSourcesBuildPhase;
			buildActionMask = 2147483647;
			files = (
				05266AC328367DAA004693BC /* Persistence.swift in Sources */,
				05ECC8C329B0FC400092782E /* Question+CoreDataProperties.swift in Sources */,
				05266ABA28367DA9004693BC /* LeitnerBoxApp.swift in Sources */,
				05ECC8A029B0A7390092782E /* MigrationPolicyV1_V2.swift in Sources */,
				05ECC8B029B0F6000092782E /* LeitnerBox.xcdatamodeld in Sources */,
				05ECC8C229B0FC400092782E /* Question+CoreDataClass.swift in Sources */,
				05ECC8CB29B102CB0092782E /* MappingModel_V1_V2.xcmappingmodel in Sources */,
			);
			runOnlyForDeploymentPostprocessing = 0;
		};
/* End PBXSourcesBuildPhase section */

/* Begin XCBuildConfiguration section */
		05266AC728367DAA004693BC /* Debug */ = {
			isa = XCBuildConfiguration;
			buildSettings = {
				ALWAYS_SEARCH_USER_PATHS = NO;
				CLANG_ANALYZER_NONNULL = YES;
				CLANG_ANALYZER_NUMBER_OBJECT_CONVERSION = YES_AGGRESSIVE;
				CLANG_CXX_LANGUAGE_STANDARD = "gnu++17";
				CLANG_ENABLE_MODULES = YES;
				CLANG_ENABLE_OBJC_ARC = YES;
				CLANG_ENABLE_OBJC_WEAK = YES;
				CLANG_WARN_BLOCK_CAPTURE_AUTORELEASING = YES;
				CLANG_WARN_BOOL_CONVERSION = YES;
				CLANG_WARN_COMMA = YES;
				CLANG_WARN_CONSTANT_CONVERSION = YES;
				CLANG_WARN_DEPRECATED_OBJC_IMPLEMENTATIONS = YES;
				CLANG_WARN_DIRECT_OBJC_ISA_USAGE = YES_ERROR;
				CLANG_WARN_DOCUMENTATION_COMMENTS = YES;
				CLANG_WARN_EMPTY_BODY = YES;
				CLANG_WARN_ENUM_CONVERSION = YES;
				CLANG_WARN_INFINITE_RECURSION = YES;
				CLANG_WARN_INT_CONVERSION = YES;
				CLANG_WARN_NON_LITERAL_NULL_CONVERSION = YES;
				CLANG_WARN_OBJC_IMPLICIT_RETAIN_SELF = YES;
				CLANG_WARN_OBJC_LITERAL_CONVERSION = YES;
				CLANG_WARN_OBJC_ROOT_CLASS = YES_ERROR;
				CLANG_WARN_QUOTED_INCLUDE_IN_FRAMEWORK_HEADER = YES;
				CLANG_WARN_RANGE_LOOP_ANALYSIS = YES;
				CLANG_WARN_STRICT_PROTOTYPES = YES;
				CLANG_WARN_SUSPICIOUS_MOVE = YES;
				CLANG_WARN_UNGUARDED_AVAILABILITY = YES_AGGRESSIVE;
				CLANG_WARN_UNREACHABLE_CODE = YES;
				CLANG_WARN__DUPLICATE_METHOD_MATCH = YES;
				COPY_PHASE_STRIP = NO;
				DEBUG_INFORMATION_FORMAT = dwarf;
				ENABLE_STRICT_OBJC_MSGSEND = YES;
				ENABLE_TESTABILITY = YES;
				GCC_C_LANGUAGE_STANDARD = gnu11;
				GCC_DYNAMIC_NO_PIC = NO;
				GCC_NO_COMMON_BLOCKS = YES;
				GCC_OPTIMIZATION_LEVEL = 0;
				GCC_PREPROCESSOR_DEFINITIONS = (
					"DEBUG=1",
					"$(inherited)",
				);
				GCC_WARN_64_TO_32_BIT_CONVERSION = YES;
				GCC_WARN_ABOUT_RETURN_TYPE = YES_ERROR;
				GCC_WARN_UNDECLARED_SELECTOR = YES;
				GCC_WARN_UNINITIALIZED_AUTOS = YES_AGGRESSIVE;
				GCC_WARN_UNUSED_FUNCTION = YES;
				GCC_WARN_UNUSED_VARIABLE = YES;
				IPHONEOS_DEPLOYMENT_TARGET = 15.4;
				MTL_ENABLE_DEBUG_INFO = INCLUDE_SOURCE;
				MTL_FAST_MATH = YES;
				ONLY_ACTIVE_ARCH = YES;
				SDKROOT = iphoneos;
				SWIFT_ACTIVE_COMPILATION_CONDITIONS = DEBUG;
				SWIFT_OPTIMIZATION_LEVEL = "-Onone";
			};
			name = Debug;
		};
		05266AC828367DAA004693BC /* Release */ = {
			isa = XCBuildConfiguration;
			buildSettings = {
				ALWAYS_SEARCH_USER_PATHS = NO;
				CLANG_ANALYZER_NONNULL = YES;
				CLANG_ANALYZER_NUMBER_OBJECT_CONVERSION = YES_AGGRESSIVE;
				CLANG_CXX_LANGUAGE_STANDARD = "gnu++17";
				CLANG_ENABLE_MODULES = YES;
				CLANG_ENABLE_OBJC_ARC = YES;
				CLANG_ENABLE_OBJC_WEAK = YES;
				CLANG_WARN_BLOCK_CAPTURE_AUTORELEASING = YES;
				CLANG_WARN_BOOL_CONVERSION = YES;
				CLANG_WARN_COMMA = YES;
				CLANG_WARN_CONSTANT_CONVERSION = YES;
				CLANG_WARN_DEPRECATED_OBJC_IMPLEMENTATIONS = YES;
				CLANG_WARN_DIRECT_OBJC_ISA_USAGE = YES_ERROR;
				CLANG_WARN_DOCUMENTATION_COMMENTS = YES;
				CLANG_WARN_EMPTY_BODY = YES;
				CLANG_WARN_ENUM_CONVERSION = YES;
				CLANG_WARN_INFINITE_RECURSION = YES;
				CLANG_WARN_INT_CONVERSION = YES;
				CLANG_WARN_NON_LITERAL_NULL_CONVERSION = YES;
				CLANG_WARN_OBJC_IMPLICIT_RETAIN_SELF = YES;
				CLANG_WARN_OBJC_LITERAL_CONVERSION = YES;
				CLANG_WARN_OBJC_ROOT_CLASS = YES_ERROR;
				CLANG_WARN_QUOTED_INCLUDE_IN_FRAMEWORK_HEADER = YES;
				CLANG_WARN_RANGE_LOOP_ANALYSIS = YES;
				CLANG_WARN_STRICT_PROTOTYPES = YES;
				CLANG_WARN_SUSPICIOUS_MOVE = YES;
				CLANG_WARN_UNGUARDED_AVAILABILITY = YES_AGGRESSIVE;
				CLANG_WARN_UNREACHABLE_CODE = YES;
				CLANG_WARN__DUPLICATE_METHOD_MATCH = YES;
				COPY_PHASE_STRIP = NO;
				DEBUG_INFORMATION_FORMAT = "dwarf-with-dsym";
				ENABLE_NS_ASSERTIONS = NO;
				ENABLE_STRICT_OBJC_MSGSEND = YES;
				GCC_C_LANGUAGE_STANDARD = gnu11;
				GCC_NO_COMMON_BLOCKS = YES;
				GCC_WARN_64_TO_32_BIT_CONVERSION = YES;
				GCC_WARN_ABOUT_RETURN_TYPE = YES_ERROR;
				GCC_WARN_UNDECLARED_SELECTOR = YES;
				GCC_WARN_UNINITIALIZED_AUTOS = YES_AGGRESSIVE;
				GCC_WARN_UNUSED_FUNCTION = YES;
				GCC_WARN_UNUSED_VARIABLE = YES;
				IPHONEOS_DEPLOYMENT_TARGET = 15.4;
				MTL_ENABLE_DEBUG_INFO = NO;
				MTL_FAST_MATH = YES;
				SDKROOT = iphoneos;
				SWIFT_COMPILATION_MODE = wholemodule;
				SWIFT_OPTIMIZATION_LEVEL = "-O";
				VALIDATE_PRODUCT = YES;
			};
			name = Release;
		};
		05266ACA28367DAA004693BC /* Debug */ = {
			isa = XCBuildConfiguration;
			buildSettings = {
				ALWAYS_EMBED_SWIFT_STANDARD_LIBRARIES = YES;
				ASSETCATALOG_COMPILER_APPICON_NAME = AppIcon;
				ASSETCATALOG_COMPILER_GLOBAL_ACCENT_COLOR_NAME = AccentColor;
				CODE_SIGN_STYLE = Automatic;
				CURRENT_PROJECT_VERSION = 1;
				DEVELOPMENT_ASSET_PATHS = "";
				DEVELOPMENT_TEAM = 7QN43D38LP;
				ENABLE_PREVIEWS = YES;
				GENERATE_INFOPLIST_FILE = YES;
				INFOPLIST_KEY_UIApplicationSceneManifest_Generation = YES;
				INFOPLIST_KEY_UIApplicationSupportsIndirectInputEvents = YES;
				INFOPLIST_KEY_UILaunchScreen_Generation = YES;
				INFOPLIST_KEY_UISupportedInterfaceOrientations_iPad = "UIInterfaceOrientationPortrait UIInterfaceOrientationPortraitUpsideDown UIInterfaceOrientationLandscapeLeft UIInterfaceOrientationLandscapeRight";
				INFOPLIST_KEY_UISupportedInterfaceOrientations_iPhone = "UIInterfaceOrientationPortrait UIInterfaceOrientationLandscapeLeft UIInterfaceOrientationLandscapeRight";
				IPHONEOS_DEPLOYMENT_TARGET = 16.0;
				LD_RUNPATH_SEARCH_PATHS = (
					"$(inherited)",
					"@executable_path/Frameworks",
				);
				MARKETING_VERSION = 1.0;
				PRODUCT_BUNDLE_IDENTIFIER = ir.amozkade.LeitnerBoxd;
				PRODUCT_NAME = "$(TARGET_NAME)";
				SUPPORTED_PLATFORMS = "iphoneos iphonesimulator";
				SUPPORTS_MACCATALYST = NO;
				SUPPORTS_MAC_DESIGNED_FOR_IPHONE_IPAD = YES;
				SWIFT_EMIT_LOC_STRINGS = YES;
				SWIFT_VERSION = 5.0;
				TARGETED_DEVICE_FAMILY = "1,2";
			};
			name = Debug;
		};
		05266ACB28367DAA004693BC /* Release */ = {
			isa = XCBuildConfiguration;
			buildSettings = {
				ALWAYS_EMBED_SWIFT_STANDARD_LIBRARIES = YES;
				ASSETCATALOG_COMPILER_APPICON_NAME = AppIcon;
				ASSETCATALOG_COMPILER_GLOBAL_ACCENT_COLOR_NAME = AccentColor;
				CODE_SIGN_STYLE = Automatic;
				CURRENT_PROJECT_VERSION = 1;
				DEVELOPMENT_ASSET_PATHS = "";
				DEVELOPMENT_TEAM = 7QN43D38LP;
				ENABLE_PREVIEWS = YES;
				GENERATE_INFOPLIST_FILE = YES;
				INFOPLIST_KEY_UIApplicationSceneManifest_Generation = YES;
				INFOPLIST_KEY_UIApplicationSupportsIndirectInputEvents = YES;
				INFOPLIST_KEY_UILaunchScreen_Generation = YES;
				INFOPLIST_KEY_UISupportedInterfaceOrientations_iPad = "UIInterfaceOrientationPortrait UIInterfaceOrientationPortraitUpsideDown UIInterfaceOrientationLandscapeLeft UIInterfaceOrientationLandscapeRight";
				INFOPLIST_KEY_UISupportedInterfaceOrientations_iPhone = "UIInterfaceOrientationPortrait UIInterfaceOrientationLandscapeLeft UIInterfaceOrientationLandscapeRight";
				IPHONEOS_DEPLOYMENT_TARGET = 16.0;
				LD_RUNPATH_SEARCH_PATHS = (
					"$(inherited)",
					"@executable_path/Frameworks",
				);
				MARKETING_VERSION = 1.0;
				PRODUCT_BUNDLE_IDENTIFIER = ir.amozkade.LeitnerBox;
				PRODUCT_NAME = "$(TARGET_NAME)";
				SUPPORTED_PLATFORMS = "iphoneos iphonesimulator";
				SUPPORTS_MACCATALYST = NO;
				SUPPORTS_MAC_DESIGNED_FOR_IPHONE_IPAD = YES;
				SWIFT_EMIT_LOC_STRINGS = YES;
				SWIFT_VERSION = 5.0;
				TARGETED_DEVICE_FAMILY = "1,2";
			};
			name = Release;
		};
/* End XCBuildConfiguration section */

/* Begin XCConfigurationList section */
		05266AB128367DA9004693BC /* Build configuration list for PBXProject "LeitnerBox" */ = {
			isa = XCConfigurationList;
			buildConfigurations = (
				05266AC728367DAA004693BC /* Debug */,
				05266AC828367DAA004693BC /* Release */,
			);
			defaultConfigurationIsVisible = 0;
			defaultConfigurationName = Release;
		};
		05266AC928367DAA004693BC /* Build configuration list for PBXNativeTarget "LeitnerBox" */ = {
			isa = XCConfigurationList;
			buildConfigurations = (
				05266ACA28367DAA004693BC /* Debug */,
				05266ACB28367DAA004693BC /* Release */,
			);
			defaultConfigurationIsVisible = 0;
			defaultConfigurationName = Release;
		};
/* End XCConfigurationList section */

/* Begin XCVersionGroup section */
		05ECC8AE29B0F6000092782E /* LeitnerBox.xcdatamodeld */ = {
			isa = XCVersionGroup;
			children = (
				05ECC8B529B0F79E0092782E /* LeitnerBoxV2.xcdatamodel */,
				05ECC8AF29B0F6000092782E /* LeitnerBox.xcdatamodel */,
			);
			currentVersion = 05ECC8B529B0F79E0092782E /* LeitnerBoxV2.xcdatamodel */;
			path = LeitnerBox.xcdatamodeld;
			sourceTree = "<group>";
			versionGroupType = wrapper.xcdatamodel;
		};
/* End XCVersionGroup section */
	};
	rootObject = 05266AAE28367DA9004693BC /* Project object */;
}
